<?xml version="1.0" encoding="utf-8"?>
<Project ToolsVersion="4.0" xmlns="http://schemas.microsoft.com/developer/msbuild/2003">
  <ItemGroup>
    <Filter Include="Archivos de recursos">
      <UniqueIdentifier>{67DA6AB6-F800-4c08-8B7A-83BB121AAD01}</UniqueIdentifier>
      <Extensions>rc;ico;cur;bmp;dlg;rc2;rct;bin;rgs;gif;jpg;jpeg;jpe;resx;tiff;tif;png;wav;mfcribbon-ms</Extensions>
    </Filter>
    <Filter Include="Utils">
      <UniqueIdentifier>{78fccc1e-839b-4398-bf25-e92dd41bdec8}</UniqueIdentifier>
    </Filter>
  </ItemGroup>
  <ItemGroup>
    <ClCompile Include="Core.cpp" />
    <ClCompile Include="Engine.cpp" />
    <ClCompile Include="Process.cpp" />
    <ClCompile Include="Utils\LogRender.cpp">
      <Filter>Utils</Filter>
    </ClCompile>
    <ClCompile Include="Utils\FPSDebugWindow.cpp">
      <Filter>Utils</Filter>
    </ClCompile>
    <ClCompile Include="Utils\DebugWindow.cpp">
      <Filter>Utils</Filter>
    </ClCompile>
    <ClCompile Include="Utils\DebugWindowManager.cpp">
      <Filter>Utils</Filter>
    </ClCompile>
    <ClCompile Include="Utils\CameraDebugWindow.cpp">
      <Filter>Utils</Filter>
    </ClCompile>
  </ItemGroup>
  <ItemGroup>
    <ClInclude Include="Core.h" />
    <ClInclude Include="Engine.h" />
    <ClInclude Include="Process.h" />
    <ClInclude Include="Utils\LogRender.h">
      <Filter>Utils</Filter>
    </ClInclude>
    <ClInclude Include="Utils\FPSDebugWindow.h">
      <Filter>Utils</Filter>
    </ClInclude>
    <ClInclude Include="Utils\DebugWindow.h">
      <Filter>Utils</Filter>
    </ClInclude>
    <ClInclude Include="Utils\DebugWindowManager.h">
      <Filter>Utils</Filter>
    </ClInclude>
    <ClInclude Include="Utils\CameraDebugWindow.h">
      <Filter>Utils</Filter>
    </ClInclude>
  </ItemGroup>
</Project>