
Microsoft Visual Studio Solution File, Format Version 11.00
# Visual Studio 2010
Project("{2150E333-8FDC-42A3-9474-1A3956D46DE8}") = "Engine", "Engine", "{5CB35A74-C6DE-456D-B54F-107C245FD6EA}"
EndProject
Project("{2150E333-8FDC-42A3-9474-1A3956D46DE8}") = "Game", "Game", "{D083B936-CBBA-4EB6-9FF6-E402A8141F8E}"
EndProject
Project("{2150E333-8FDC-42A3-9474-1A3956D46DE8}") = "Tools", "Tools", "{53E13879-8F30-4FAA-9160-1C2D03650F2F}"
EndProject
Project("{8BC9CEB8-8B4A-11D0-8D11-00A0C91BC942}") = "Videogame", "Code\Videogame\Videogame.vcxproj", "{423B8457-AFD2-4D21-8A18-252CED05E294}"
	ProjectSection(ProjectDependencies) = postProject
		{BBD0BA00-2E9B-4699-AADA-FB87F9F62E81} = {BBD0BA00-2E9B-4699-AADA-FB87F9F62E81}
		{8CA6E100-80A6-49E6-88F3-D9EEC6BB8C6D} = {8CA6E100-80A6-49E6-88F3-D9EEC6BB8C6D}
		{834F4205-3E56-4ADB-9947-6EFAFA980FA3} = {834F4205-3E56-4ADB-9947-6EFAFA980FA3}
		{4C5C970A-BE16-4EC1-8788-2DFCC18625DB} = {4C5C970A-BE16-4EC1-8788-2DFCC18625DB}
		{654CB141-8F51-4AA0-9004-0DB72AD1AE7C} = {654CB141-8F51-4AA0-9004-0DB72AD1AE7C}
		{52DCCB47-EA8C-4492-8E67-151040221090} = {52DCCB47-EA8C-4492-8E67-151040221090}
		{93A028D8-B4C5-4A25-33FC-40AF21888A1A} = {93A028D8-B4C5-4A25-33FC-40AF21888A1A}
		{399F3B78-06DC-41CE-A9C6-612A5AAC1C97} = {399F3B78-06DC-41CE-A9C6-612A5AAC1C97}
		{A73A66AB-8C09-42D7-875B-3B32BB8D0E96} = {A73A66AB-8C09-42D7-875B-3B32BB8D0E96}
		{9EA195D5-8E57-4215-AE79-DF5F3401439E} = {9EA195D5-8E57-4215-AE79-DF5F3401439E}
		{7F37DFD9-6E92-4002-A157-E6A660B045FF} = {7F37DFD9-6E92-4002-A157-E6A660B045FF}
		{392190F1-755A-4E17-9A9C-C9C14939E8A5} = {392190F1-755A-4E17-9A9C-C9C14939E8A5}
	EndProjectSection
EndProject
Project("{8BC9CEB8-8B4A-11D0-8D11-00A0C91BC942}") = "Base", "Code\Base\Base.vcxproj", "{4C5C970A-BE16-4EC1-8788-2DFCC18625DB}"
EndProject
Project("{8BC9CEB8-8B4A-11D0-8D11-00A0C91BC942}") = "Core", "Code\Core\Core.vcxproj", "{834F4205-3E56-4ADB-9947-6EFAFA980FA3}"
EndProject
Project("{8BC9CEB8-8B4A-11D0-8D11-00A0C91BC942}") = "Graphics", "Code\Graphics\Graphics.vcxproj", "{399F3B78-06DC-41CE-A9C6-612A5AAC1C97}"
EndProject
Project("{8BC9CEB8-8B4A-11D0-8D11-00A0C91BC942}") = "GUI", "Code\GUI\GUI.vcxproj", "{BBD0BA00-2E9B-4699-AADA-FB87F9F62E81}"
EndProject
Project("{8BC9CEB8-8B4A-11D0-8D11-00A0C91BC942}") = "PhysX", "Code\PhysX\PhysX.vcxproj", "{392190F1-755A-4E17-9A9C-C9C14939E8A5}"
EndProject
Project("{8BC9CEB8-8B4A-11D0-8D11-00A0C91BC942}") = "Sound", "Code\Sound\Sound.vcxproj", "{52DCCB47-EA8C-4492-8E67-151040221090}"
EndProject
Project("{8BC9CEB8-8B4A-11D0-8D11-00A0C91BC942}") = "Input", "Code\Input\Input.vcxproj", "{9EA195D5-8E57-4215-AE79-DF5F3401439E}"
EndProject
Project("{8BC9CEB8-8B4A-11D0-8D11-00A0C91BC942}") = "cal3d", "3rdParty\cal3d\cal3d.vcxproj", "{93A028D8-B4C5-4A25-33FC-40AF21888A1A}"
EndProject
Project("{8BC9CEB8-8B4A-11D0-8D11-00A0C91BC942}") = "Lua", "3rdParty\Lua\Lua.vcxproj", "{A73A66AB-8C09-42D7-875B-3B32BB8D0E96}"
EndProject
Project("{8BC9CEB8-8B4A-11D0-8D11-00A0C91BC942}") = "LuaBind", "3rdParty\LuaBind\LuaBind.vcxproj", "{654CB141-8F51-4AA0-9004-0DB72AD1AE7C}"
EndProject
Project("{8BC9CEB8-8B4A-11D0-8D11-00A0C91BC942}") = "AI", "Code\AI\AI.vcxproj", "{8CA6E100-80A6-49E6-88F3-D9EEC6BB8C6D}"
EndProject
Project("{8BC9CEB8-8B4A-11D0-8D11-00A0C91BC942}") = "Script", "Code\Script\Script.vcxproj", "{7F37DFD9-6E92-4002-A157-E6A660B045FF}"
EndProject
Project("{8BC9CEB8-8B4A-11D0-8D11-00A0C91BC942}") = "Viewer", "Code\Tools\Viewer\ViewerProcess.vcxproj", "{7911C49A-7E8C-4280-8D70-EA7A76E63328}"
	ProjectSection(ProjectDependencies) = postProject
		{BBD0BA00-2E9B-4699-AADA-FB87F9F62E81} = {BBD0BA00-2E9B-4699-AADA-FB87F9F62E81}
		{8CA6E100-80A6-49E6-88F3-D9EEC6BB8C6D} = {8CA6E100-80A6-49E6-88F3-D9EEC6BB8C6D}
		{834F4205-3E56-4ADB-9947-6EFAFA980FA3} = {834F4205-3E56-4ADB-9947-6EFAFA980FA3}
		{4C5C970A-BE16-4EC1-8788-2DFCC18625DB} = {4C5C970A-BE16-4EC1-8788-2DFCC18625DB}
		{654CB141-8F51-4AA0-9004-0DB72AD1AE7C} = {654CB141-8F51-4AA0-9004-0DB72AD1AE7C}
		{52DCCB47-EA8C-4492-8E67-151040221090} = {52DCCB47-EA8C-4492-8E67-151040221090}
		{93A028D8-B4C5-4A25-33FC-40AF21888A1A} = {93A028D8-B4C5-4A25-33FC-40AF21888A1A}
		{423B8457-AFD2-4D21-8A18-252CED05E294} = {423B8457-AFD2-4D21-8A18-252CED05E294}
		{399F3B78-06DC-41CE-A9C6-612A5AAC1C97} = {399F3B78-06DC-41CE-A9C6-612A5AAC1C97}
		{4C6E7F7C-3596-47B5-BB90-148043A38BA5} = {4C6E7F7C-3596-47B5-BB90-148043A38BA5}
		{A73A66AB-8C09-42D7-875B-3B32BB8D0E96} = {A73A66AB-8C09-42D7-875B-3B32BB8D0E96}
		{9EA195D5-8E57-4215-AE79-DF5F3401439E} = {9EA195D5-8E57-4215-AE79-DF5F3401439E}
		{7F37DFD9-6E92-4002-A157-E6A660B045FF} = {7F37DFD9-6E92-4002-A157-E6A660B045FF}
		{392190F1-755A-4E17-9A9C-C9C14939E8A5} = {392190F1-755A-4E17-9A9C-C9C14939E8A5}
	EndProjectSection
EndProject
Project("{8BC9CEB8-8B4A-11D0-8D11-00A0C91BC942}") = "Editors", "Code\Editors\Editors.vcxproj", "{4C6E7F7C-3596-47B5-BB90-148043A38BA5}"
EndProject
Global
	GlobalSection(SolutionConfigurationPlatforms) = preSolution
		Debug|Win32 = Debug|Win32
		Release|Win32 = Release|Win32
	EndGlobalSection
	GlobalSection(ProjectConfigurationPlatforms) = postSolution
		{423B8457-AFD2-4D21-8A18-252CED05E294}.Debug|Win32.ActiveCfg = Debug|Win32
		{423B8457-AFD2-4D21-8A18-252CED05E294}.Debug|Win32.Build.0 = Debug|Win32
		{423B8457-AFD2-4D21-8A18-252CED05E294}.Release|Win32.ActiveCfg = Release|Win32
		{423B8457-AFD2-4D21-8A18-252CED05E294}.Release|Win32.Build.0 = Release|Win32
		{4C5C970A-BE16-4EC1-8788-2DFCC18625DB}.Debug|Win32.ActiveCfg = Debug|Win32
		{4C5C970A-BE16-4EC1-8788-2DFCC18625DB}.Debug|Win32.Build.0 = Debug|Win32
		{4C5C970A-BE16-4EC1-8788-2DFCC18625DB}.Release|Win32.ActiveCfg = Release|Win32
		{4C5C970A-BE16-4EC1-8788-2DFCC18625DB}.Release|Win32.Build.0 = Release|Win32
		{834F4205-3E56-4ADB-9947-6EFAFA980FA3}.Debug|Win32.ActiveCfg = Debug|Win32
		{834F4205-3E56-4ADB-9947-6EFAFA980FA3}.Debug|Win32.Build.0 = Debug|Win32
		{834F4205-3E56-4ADB-9947-6EFAFA980FA3}.Release|Win32.ActiveCfg = Release|Win32
		{834F4205-3E56-4ADB-9947-6EFAFA980FA3}.Release|Win32.Build.0 = Release|Win32
		{399F3B78-06DC-41CE-A9C6-612A5AAC1C97}.Debug|Win32.ActiveCfg = Debug|Win32
		{399F3B78-06DC-41CE-A9C6-612A5AAC1C97}.Debug|Win32.Build.0 = Debug|Win32
		{399F3B78-06DC-41CE-A9C6-612A5AAC1C97}.Release|Win32.ActiveCfg = Release|Win32
		{399F3B78-06DC-41CE-A9C6-612A5AAC1C97}.Release|Win32.Build.0 = Release|Win32
		{BBD0BA00-2E9B-4699-AADA-FB87F9F62E81}.Debug|Win32.ActiveCfg = Debug|Win32
		{BBD0BA00-2E9B-4699-AADA-FB87F9F62E81}.Debug|Win32.Build.0 = Debug|Win32
		{BBD0BA00-2E9B-4699-AADA-FB87F9F62E81}.Release|Win32.ActiveCfg = Release|Win32
		{BBD0BA00-2E9B-4699-AADA-FB87F9F62E81}.Release|Win32.Build.0 = Release|Win32
		{392190F1-755A-4E17-9A9C-C9C14939E8A5}.Debug|Win32.ActiveCfg = Debug|Win32
		{392190F1-755A-4E17-9A9C-C9C14939E8A5}.Debug|Win32.Build.0 = Debug|Win32
		{392190F1-755A-4E17-9A9C-C9C14939E8A5}.Release|Win32.ActiveCfg = Release|Win32
		{392190F1-755A-4E17-9A9C-C9C14939E8A5}.Release|Win32.Build.0 = Release|Win32
		{52DCCB47-EA8C-4492-8E67-151040221090}.Debug|Win32.ActiveCfg = Debug|Win32
		{52DCCB47-EA8C-4492-8E67-151040221090}.Debug|Win32.Build.0 = Debug|Win32
		{52DCCB47-EA8C-4492-8E67-151040221090}.Release|Win32.ActiveCfg = Release|Win32
		{52DCCB47-EA8C-4492-8E67-151040221090}.Release|Win32.Build.0 = Release|Win32
		{9EA195D5-8E57-4215-AE79-DF5F3401439E}.Debug|Win32.ActiveCfg = Debug|Win32
		{9EA195D5-8E57-4215-AE79-DF5F3401439E}.Debug|Win32.Build.0 = Debug|Win32
		{9EA195D5-8E57-4215-AE79-DF5F3401439E}.Release|Win32.ActiveCfg = Release|Win32
		{9EA195D5-8E57-4215-AE79-DF5F3401439E}.Release|Win32.Build.0 = Release|Win32
		{93A028D8-B4C5-4A25-33FC-40AF21888A1A}.Debug|Win32.ActiveCfg = Debug|Win32
		{93A028D8-B4C5-4A25-33FC-40AF21888A1A}.Debug|Win32.Build.0 = Debug|Win32
		{93A028D8-B4C5-4A25-33FC-40AF21888A1A}.Release|Win32.ActiveCfg = Release|Win32
		{93A028D8-B4C5-4A25-33FC-40AF21888A1A}.Release|Win32.Build.0 = Release|Win32
		{A73A66AB-8C09-42D7-875B-3B32BB8D0E96}.Debug|Win32.ActiveCfg = Debug|Win32
		{A73A66AB-8C09-42D7-875B-3B32BB8D0E96}.Debug|Win32.Build.0 = Debug|Win32
		{A73A66AB-8C09-42D7-875B-3B32BB8D0E96}.Release|Win32.ActiveCfg = Release|Win32
		{A73A66AB-8C09-42D7-875B-3B32BB8D0E96}.Release|Win32.Build.0 = Release|Win32
		{654CB141-8F51-4AA0-9004-0DB72AD1AE7C}.Debug|Win32.ActiveCfg = Debug|Win32
		{654CB141-8F51-4AA0-9004-0DB72AD1AE7C}.Debug|Win32.Build.0 = Debug|Win32
		{654CB141-8F51-4AA0-9004-0DB72AD1AE7C}.Release|Win32.ActiveCfg = Release|Win32
		{654CB141-8F51-4AA0-9004-0DB72AD1AE7C}.Release|Win32.Build.0 = Release|Win32
		{8CA6E100-80A6-49E6-88F3-D9EEC6BB8C6D}.Debug|Win32.ActiveCfg = Debug|Win32
		{8CA6E100-80A6-49E6-88F3-D9EEC6BB8C6D}.Debug|Win32.Build.0 = Debug|Win32
		{8CA6E100-80A6-49E6-88F3-D9EEC6BB8C6D}.Release|Win32.ActiveCfg = Release|Win32
		{8CA6E100-80A6-49E6-88F3-D9EEC6BB8C6D}.Release|Win32.Build.0 = Release|Win32
		{7F37DFD9-6E92-4002-A157-E6A660B045FF}.Debug|Win32.ActiveCfg = Debug|Win32
		{7F37DFD9-6E92-4002-A157-E6A660B045FF}.Debug|Win32.Build.0 = Debug|Win32
		{7F37DFD9-6E92-4002-A157-E6A660B045FF}.Release|Win32.ActiveCfg = Release|Win32
		{7F37DFD9-6E92-4002-A157-E6A660B045FF}.Release|Win32.Build.0 = Release|Win32
		{7911C49A-7E8C-4280-8D70-EA7A76E63328}.Debug|Win32.ActiveCfg = Debug|Win32
		{7911C49A-7E8C-4280-8D70-EA7A76E63328}.Debug|Win32.Build.0 = Debug|Win32
		{7911C49A-7E8C-4280-8D70-EA7A76E63328}.Release|Win32.ActiveCfg = Release|Win32
		{7911C49A-7E8C-4280-8D70-EA7A76E63328}.Release|Win32.Build.0 = Release|Win32
		{4C6E7F7C-3596-47B5-BB90-148043A38BA5}.Debug|Win32.ActiveCfg = Debug|Win32
		{4C6E7F7C-3596-47B5-BB90-148043A38BA5}.Debug|Win32.Build.0 = Debug|Win32
		{4C6E7F7C-3596-47B5-BB90-148043A38BA5}.Release|Win32.ActiveCfg = Release|Win32
		{4C6E7F7C-3596-47B5-BB90-148043A38BA5}.Release|Win32.Build.0 = Release|Win32
	EndGlobalSection
	GlobalSection(SolutionProperties) = preSolution
		HideSolutionNode = FALSE
	EndGlobalSection
	GlobalSection(NestedProjects) = preSolution
		{4C5C970A-BE16-4EC1-8788-2DFCC18625DB} = {5CB35A74-C6DE-456D-B54F-107C245FD6EA}
		{834F4205-3E56-4ADB-9947-6EFAFA980FA3} = {5CB35A74-C6DE-456D-B54F-107C245FD6EA}
		{399F3B78-06DC-41CE-A9C6-612A5AAC1C97} = {5CB35A74-C6DE-456D-B54F-107C245FD6EA}
		{BBD0BA00-2E9B-4699-AADA-FB87F9F62E81} = {5CB35A74-C6DE-456D-B54F-107C245FD6EA}
		{392190F1-755A-4E17-9A9C-C9C14939E8A5} = {5CB35A74-C6DE-456D-B54F-107C245FD6EA}
		{52DCCB47-EA8C-4492-8E67-151040221090} = {5CB35A74-C6DE-456D-B54F-107C245FD6EA}
		{9EA195D5-8E57-4215-AE79-DF5F3401439E} = {5CB35A74-C6DE-456D-B54F-107C245FD6EA}
		{8CA6E100-80A6-49E6-88F3-D9EEC6BB8C6D} = {5CB35A74-C6DE-456D-B54F-107C245FD6EA}
		{7F37DFD9-6E92-4002-A157-E6A660B045FF} = {5CB35A74-C6DE-456D-B54F-107C245FD6EA}
		{4C6E7F7C-3596-47B5-BB90-148043A38BA5} = {5CB35A74-C6DE-456D-B54F-107C245FD6EA}
		{423B8457-AFD2-4D21-8A18-252CED05E294} = {D083B936-CBBA-4EB6-9FF6-E402A8141F8E}
		{7911C49A-7E8C-4280-8D70-EA7A76E63328} = {D083B936-CBBA-4EB6-9FF6-E402A8141F8E}
		{93A028D8-B4C5-4A25-33FC-40AF21888A1A} = {53E13879-8F30-4FAA-9160-1C2D03650F2F}
		{A73A66AB-8C09-42D7-875B-3B32BB8D0E96} = {53E13879-8F30-4FAA-9160-1C2D03650F2F}
		{654CB141-8F51-4AA0-9004-0DB72AD1AE7C} = {53E13879-8F30-4FAA-9160-1C2D03650F2F}
	EndGlobalSection
EndGlobal
