
Microsoft Visual Studio Solution File, Format Version 11.00
# Visual Studio 2010
Project("{2150E333-8FDC-42A3-9474-1A3956D46DE8}") = "Engine", "Engine", "{5CB35A74-C6DE-456D-B54F-107C245FD6EA}"
EndProject
Project("{2150E333-8FDC-42A3-9474-1A3956D46DE8}") = "Game", "Game", "{D083B936-CBBA-4EB6-9FF6-E402A8141F8E}"
EndProject
Project("{2150E333-8FDC-42A3-9474-1A3956D46DE8}") = "Tools", "Tools", "{53E13879-8F30-4FAA-9160-1C2D03650F2F}"
EndProject
Project("{8BC9CEB8-8B4A-11D0-8D11-00A0C91BC942}") = "Videogame", "Code\Videogame\Videogame.vcxproj", "{423B8457-AFD2-4D21-8A18-252CED05E294}"
	ProjectSection(ProjectDependencies) = postProject
		{834F4205-3E56-4ADB-9947-6EFAFA980FA3} = {834F4205-3E56-4ADB-9947-6EFAFA980FA3}
		{4C5C970A-BE16-4EC1-8788-2DFCC18625DB} = {4C5C970A-BE16-4EC1-8788-2DFCC18625DB}
		{A717C71A-EEC6-456F-87EB-6C6A0A9F1510} = {A717C71A-EEC6-456F-87EB-6C6A0A9F1510}
		{0C7A6F39-A4DF-4B75-B0B1-E48DCA700307} = {0C7A6F39-A4DF-4B75-B0B1-E48DCA700307}
		{654CB141-8F51-4AA0-9004-0DB72AD1AE7C} = {654CB141-8F51-4AA0-9004-0DB72AD1AE7C}
		{52DCCB47-EA8C-4492-8E67-151040221090} = {52DCCB47-EA8C-4492-8E67-151040221090}
		{399F3B78-06DC-41CE-A9C6-612A5AAC1C97} = {399F3B78-06DC-41CE-A9C6-612A5AAC1C97}
		{E3A87A82-E9E0-0491-C350-2E8467CE43FD} = {E3A87A82-E9E0-0491-C350-2E8467CE43FD}
		{A73A66AB-8C09-42D7-875B-3B32BB8D0E96} = {A73A66AB-8C09-42D7-875B-3B32BB8D0E96}
		{9EA195D5-8E57-4215-AE79-DF5F3401439E} = {9EA195D5-8E57-4215-AE79-DF5F3401439E}
		{392190F1-755A-4E17-9A9C-C9C14939E8A5} = {392190F1-755A-4E17-9A9C-C9C14939E8A5}
	EndProjectSection
EndProject
Project("{8BC9CEB8-8B4A-11D0-8D11-00A0C91BC942}") = "Base", "Code\Base\Base.vcxproj", "{4C5C970A-BE16-4EC1-8788-2DFCC18625DB}"
EndProject
Project("{8BC9CEB8-8B4A-11D0-8D11-00A0C91BC942}") = "Core", "Code\Core\Core.vcxproj", "{834F4205-3E56-4ADB-9947-6EFAFA980FA3}"
EndProject
Project("{8BC9CEB8-8B4A-11D0-8D11-00A0C91BC942}") = "Graphics", "Code\Graphics\Graphics.vcxproj", "{399F3B78-06DC-41CE-A9C6-612A5AAC1C97}"
EndProject
Project("{8BC9CEB8-8B4A-11D0-8D11-00A0C91BC942}") = "GUI", "Code\GUI\GUI.vcxproj", "{0C7A6F39-A4DF-4B75-B0B1-E48DCA700307}"
EndProject
Project("{8BC9CEB8-8B4A-11D0-8D11-00A0C91BC942}") = "Network", "Code\Network\Network.vcxproj", "{A717C71A-EEC6-456F-87EB-6C6A0A9F1510}"
EndProject
Project("{8BC9CEB8-8B4A-11D0-8D11-00A0C91BC942}") = "PhysX", "Code\PhysX\PhysX.vcxproj", "{392190F1-755A-4E17-9A9C-C9C14939E8A5}"
EndProject
Project("{8BC9CEB8-8B4A-11D0-8D11-00A0C91BC942}") = "Sound", "Code\Sound\Sound.vcxproj", "{52DCCB47-EA8C-4492-8E67-151040221090}"
EndProject
Project("{8BC9CEB8-8B4A-11D0-8D11-00A0C91BC942}") = "Input", "Code\Input\Input.vcxproj", "{9EA195D5-8E57-4215-AE79-DF5F3401439E}"
EndProject
Project("{8BC9CEB8-8B4A-11D0-8D11-00A0C91BC942}") = "cal3d", "3rdParty\cal3d\cal3d.vcxproj", "{E3A87A82-E9E0-0491-C350-2E8467CE43FD}"
EndProject
Project("{8BC9CEB8-8B4A-11D0-8D11-00A0C91BC942}") = "Lua", "3rdParty\Lua\Lua.vcxproj", "{A73A66AB-8C09-42D7-875B-3B32BB8D0E96}"
EndProject
Project("{8BC9CEB8-8B4A-11D0-8D11-00A0C91BC942}") = "LuaBind", "3rdParty\LuaBind\LuaBind.vcxproj", "{654CB141-8F51-4AA0-9004-0DB72AD1AE7C}"
EndProject
Global
	GlobalSection(SolutionConfigurationPlatforms) = preSolution
		Debug|Win32 = Debug|Win32
		Release|Win32 = Release|Win32
	EndGlobalSection
	GlobalSection(ProjectConfigurationPlatforms) = postSolution
		{423B8457-AFD2-4D21-8A18-252CED05E294}.Debug|Win32.ActiveCfg = Debug|Win32
		{423B8457-AFD2-4D21-8A18-252CED05E294}.Debug|Win32.Build.0 = Debug|Win32
		{423B8457-AFD2-4D21-8A18-252CED05E294}.Release|Win32.ActiveCfg = Release|Win32
		{423B8457-AFD2-4D21-8A18-252CED05E294}.Release|Win32.Build.0 = Release|Win32
		{4C5C970A-BE16-4EC1-8788-2DFCC18625DB}.Debug|Win32.ActiveCfg = Debug|Win32
		{4C5C970A-BE16-4EC1-8788-2DFCC18625DB}.Debug|Win32.Build.0 = Debug|Win32
		{4C5C970A-BE16-4EC1-8788-2DFCC18625DB}.Release|Win32.ActiveCfg = Release|Win32
		{4C5C970A-BE16-4EC1-8788-2DFCC18625DB}.Release|Win32.Build.0 = Release|Win32
		{834F4205-3E56-4ADB-9947-6EFAFA980FA3}.Debug|Win32.ActiveCfg = Debug|Win32
		{834F4205-3E56-4ADB-9947-6EFAFA980FA3}.Debug|Win32.Build.0 = Debug|Win32
		{834F4205-3E56-4ADB-9947-6EFAFA980FA3}.Release|Win32.ActiveCfg = Release|Win32
		{834F4205-3E56-4ADB-9947-6EFAFA980FA3}.Release|Win32.Build.0 = Release|Win32
		{399F3B78-06DC-41CE-A9C6-612A5AAC1C97}.Debug|Win32.ActiveCfg = Debug|Win32
		{399F3B78-06DC-41CE-A9C6-612A5AAC1C97}.Debug|Win32.Build.0 = Debug|Win32
		{399F3B78-06DC-41CE-A9C6-612A5AAC1C97}.Release|Win32.ActiveCfg = Release|Win32
		{399F3B78-06DC-41CE-A9C6-612A5AAC1C97}.Release|Win32.Build.0 = Release|Win32
		{0C7A6F39-A4DF-4B75-B0B1-E48DCA700307}.Debug|Win32.ActiveCfg = Debug|Win32
		{0C7A6F39-A4DF-4B75-B0B1-E48DCA700307}.Debug|Win32.Build.0 = Debug|Win32
		{0C7A6F39-A4DF-4B75-B0B1-E48DCA700307}.Release|Win32.ActiveCfg = Release|Win32
		{0C7A6F39-A4DF-4B75-B0B1-E48DCA700307}.Release|Win32.Build.0 = Release|Win32
		{A717C71A-EEC6-456F-87EB-6C6A0A9F1510}.Debug|Win32.ActiveCfg = Debug|Win32
		{A717C71A-EEC6-456F-87EB-6C6A0A9F1510}.Debug|Win32.Build.0 = Debug|Win32
		{A717C71A-EEC6-456F-87EB-6C6A0A9F1510}.Release|Win32.ActiveCfg = Release|Win32
		{A717C71A-EEC6-456F-87EB-6C6A0A9F1510}.Release|Win32.Build.0 = Release|Win32
		{392190F1-755A-4E17-9A9C-C9C14939E8A5}.Debug|Win32.ActiveCfg = Debug|Win32
		{392190F1-755A-4E17-9A9C-C9C14939E8A5}.Debug|Win32.Build.0 = Debug|Win32
		{392190F1-755A-4E17-9A9C-C9C14939E8A5}.Release|Win32.ActiveCfg = Release|Win32
		{392190F1-755A-4E17-9A9C-C9C14939E8A5}.Release|Win32.Build.0 = Release|Win32
		{52DCCB47-EA8C-4492-8E67-151040221090}.Debug|Win32.ActiveCfg = Debug|Win32
		{52DCCB47-EA8C-4492-8E67-151040221090}.Debug|Win32.Build.0 = Debug|Win32
		{52DCCB47-EA8C-4492-8E67-151040221090}.Release|Win32.ActiveCfg = Release|Win32
		{52DCCB47-EA8C-4492-8E67-151040221090}.Release|Win32.Build.0 = Release|Win32
		{9EA195D5-8E57-4215-AE79-DF5F3401439E}.Debug|Win32.ActiveCfg = Debug|Win32
		{9EA195D5-8E57-4215-AE79-DF5F3401439E}.Debug|Win32.Build.0 = Debug|Win32
		{9EA195D5-8E57-4215-AE79-DF5F3401439E}.Release|Win32.ActiveCfg = Release|Win32
		{9EA195D5-8E57-4215-AE79-DF5F3401439E}.Release|Win32.Build.0 = Release|Win32
		{E3A87A82-E9E0-0491-C350-2E8467CE43FD}.Debug|Win32.ActiveCfg = Debug|Win32
		{E3A87A82-E9E0-0491-C350-2E8467CE43FD}.Debug|Win32.Build.0 = Debug|Win32
		{E3A87A82-E9E0-0491-C350-2E8467CE43FD}.Release|Win32.ActiveCfg = Release|Win32
		{E3A87A82-E9E0-0491-C350-2E8467CE43FD}.Release|Win32.Build.0 = Release|Win32
		{A73A66AB-8C09-42D7-875B-3B32BB8D0E96}.Debug|Win32.ActiveCfg = Debug|Win32
		{A73A66AB-8C09-42D7-875B-3B32BB8D0E96}.Debug|Win32.Build.0 = Debug|Win32
		{A73A66AB-8C09-42D7-875B-3B32BB8D0E96}.Release|Win32.ActiveCfg = Release|Win32
		{A73A66AB-8C09-42D7-875B-3B32BB8D0E96}.Release|Win32.Build.0 = Release|Win32
		{654CB141-8F51-4AA0-9004-0DB72AD1AE7C}.Debug|Win32.ActiveCfg = Debug|Win32
		{654CB141-8F51-4AA0-9004-0DB72AD1AE7C}.Debug|Win32.Build.0 = Debug|Win32
		{654CB141-8F51-4AA0-9004-0DB72AD1AE7C}.Release|Win32.ActiveCfg = Release|Win32
		{654CB141-8F51-4AA0-9004-0DB72AD1AE7C}.Release|Win32.Build.0 = Release|Win32
	EndGlobalSection
	GlobalSection(SolutionProperties) = preSolution
		HideSolutionNode = FALSE
	EndGlobalSection
	GlobalSection(NestedProjects) = preSolution
		{4C5C970A-BE16-4EC1-8788-2DFCC18625DB} = {5CB35A74-C6DE-456D-B54F-107C245FD6EA}
		{834F4205-3E56-4ADB-9947-6EFAFA980FA3} = {5CB35A74-C6DE-456D-B54F-107C245FD6EA}
		{399F3B78-06DC-41CE-A9C6-612A5AAC1C97} = {5CB35A74-C6DE-456D-B54F-107C245FD6EA}
		{0C7A6F39-A4DF-4B75-B0B1-E48DCA700307} = {5CB35A74-C6DE-456D-B54F-107C245FD6EA}
		{A717C71A-EEC6-456F-87EB-6C6A0A9F1510} = {5CB35A74-C6DE-456D-B54F-107C245FD6EA}
		{392190F1-755A-4E17-9A9C-C9C14939E8A5} = {5CB35A74-C6DE-456D-B54F-107C245FD6EA}
		{52DCCB47-EA8C-4492-8E67-151040221090} = {5CB35A74-C6DE-456D-B54F-107C245FD6EA}
		{9EA195D5-8E57-4215-AE79-DF5F3401439E} = {5CB35A74-C6DE-456D-B54F-107C245FD6EA}
		{423B8457-AFD2-4D21-8A18-252CED05E294} = {D083B936-CBBA-4EB6-9FF6-E402A8141F8E}
		{E3A87A82-E9E0-0491-C350-2E8467CE43FD} = {53E13879-8F30-4FAA-9160-1C2D03650F2F}
		{A73A66AB-8C09-42D7-875B-3B32BB8D0E96} = {53E13879-8F30-4FAA-9160-1C2D03650F2F}
		{654CB141-8F51-4AA0-9004-0DB72AD1AE7C} = {53E13879-8F30-4FAA-9160-1C2D03650F2F}
	EndGlobalSection
EndGlobal
