<?xml version="1.0" encoding="utf-8"?>
<Project ToolsVersion="4.0" xmlns="http://schemas.microsoft.com/developer/msbuild/2003">
  <ItemGroup>
    <Filter Include="Archivos de recursos">
      <UniqueIdentifier>{67DA6AB6-F800-4c08-8B7A-83BB121AAD01}</UniqueIdentifier>
      <Extensions>rc;ico;cur;bmp;dlg;rc2;rct;bin;rgs;gif;jpg;jpeg;jpe;resx;tiff;tif;png;wav;mfcribbon-ms</Extensions>
    </Filter>
    <Filter Include="Ui">
      <UniqueIdentifier>{e8b1d6bc-ebf5-406f-9452-4eef504edaea}</UniqueIdentifier>
    </Filter>
  </ItemGroup>
  <ItemGroup>
    <ClCompile Include="EditorsManager.cpp" />
    <ClCompile Include="Ui\UiBar.cpp">
      <Filter>Ui</Filter>
    </ClCompile>
    <ClCompile Include="Ui\UiLightsBar.cpp">
      <Filter>Ui</Filter>
    </ClCompile>
  </ItemGroup>
  <ItemGroup>
    <ClInclude Include="EditorsManager.h" />
    <ClInclude Include="Ui\UiBar.h">
      <Filter>Ui</Filter>
    </ClInclude>
    <ClInclude Include="Ui\UiLightsBar.h">
      <Filter>Ui</Filter>
    </ClInclude>
  </ItemGroup>
</Project>