<?xml version="1.0" encoding="utf-8"?>
<Project ToolsVersion="4.0" xmlns="http://schemas.microsoft.com/developer/msbuild/2003">
  <ItemGroup>
    <Filter Include="Sound">
      <UniqueIdentifier>{00cbddc7-0d5a-4638-b30c-d00e67441314}</UniqueIdentifier>
    </Filter>
  </ItemGroup>
  <ItemGroup>
    <ClCompile Include="SoundManager.cpp" />
    <ClCompile Include="Sound\ISound.cpp">
      <Filter>Sound</Filter>
    </ClCompile>
  </ItemGroup>
  <ItemGroup>
    <ClInclude Include="SoundManager.h" />
    <ClInclude Include="Sound\ISound.h">
      <Filter>Sound</Filter>
    </ClInclude>
  </ItemGroup>
</Project>