<?xml version="1.0" encoding="utf-8"?>
<Project ToolsVersion="4.0" xmlns="http://schemas.microsoft.com/developer/msbuild/2003">
  <ItemGroup>
    <Filter Include="GuiElement">
      <UniqueIdentifier>{188b7db0-258a-45eb-bc4a-a0f8eeea1515}</UniqueIdentifier>
    </Filter>
    <Filter Include="Window">
      <UniqueIdentifier>{9949af92-c5a7-4a8f-b4d4-8bc52383c9f7}</UniqueIdentifier>
    </Filter>
    <Filter Include="Widgets">
      <UniqueIdentifier>{34191a56-736d-48eb-8779-6f975d7c6412}</UniqueIdentifier>
    </Filter>
    <Filter Include="MousePointer">
      <UniqueIdentifier>{190beebc-bb1f-4a53-9df1-3696b1345eea}</UniqueIdentifier>
    </Filter>
  </ItemGroup>
  <ItemGroup>
    <ClCompile Include="GuiElement\GuiElement.cpp">
      <Filter>GuiElement</Filter>
    </ClCompile>
    <ClCompile Include="GUIManager.cpp" />
    <ClCompile Include="Window\Windows.cpp">
      <Filter>Window</Filter>
    </ClCompile>
    <ClCompile Include="Widgets\Button.cpp">
      <Filter>Widgets</Filter>
    </ClCompile>
    <ClCompile Include="Widgets\CheckButton.cpp">
      <Filter>Widgets</Filter>
    </ClCompile>
    <ClCompile Include="Widgets\DialogBox.cpp">
      <Filter>Widgets</Filter>
    </ClCompile>
    <ClCompile Include="Widgets\EditableTextBox.cpp">
      <Filter>Widgets</Filter>
    </ClCompile>
    <ClCompile Include="Widgets\Image.cpp">
      <Filter>Widgets</Filter>
    </ClCompile>
    <ClCompile Include="Widgets\ProgressBar.cpp">
      <Filter>Widgets</Filter>
    </ClCompile>
    <ClCompile Include="Widgets\RadioBox.cpp">
      <Filter>Widgets</Filter>
    </ClCompile>
    <ClCompile Include="Widgets\Slider.cpp">
      <Filter>Widgets</Filter>
    </ClCompile>
    <ClCompile Include="Widgets\StaticText.cpp">
      <Filter>Widgets</Filter>
    </ClCompile>
    <ClCompile Include="Widgets\TextBox.cpp">
      <Filter>Widgets</Filter>
    </ClCompile>
    <ClCompile Include="MousePointer\PointerMouse.cpp">
      <Filter>MousePointer</Filter>
    </ClCompile>
  </ItemGroup>
  <ItemGroup>
    <ClInclude Include="GuiElement\GuiElement.h">
      <Filter>GuiElement</Filter>
    </ClInclude>
    <ClInclude Include="GUIManager.h" />
    <ClInclude Include="Window\Windows.h">
      <Filter>Window</Filter>
    </ClInclude>
    <ClInclude Include="Widgets\TextBox.h">
      <Filter>Widgets</Filter>
    </ClInclude>
    <ClInclude Include="Widgets\Button.h">
      <Filter>Widgets</Filter>
    </ClInclude>
    <ClInclude Include="Widgets\CheckButton.h">
      <Filter>Widgets</Filter>
    </ClInclude>
    <ClInclude Include="Widgets\DialogBox.h">
      <Filter>Widgets</Filter>
    </ClInclude>
    <ClInclude Include="Widgets\EditableTextBox.h">
      <Filter>Widgets</Filter>
    </ClInclude>
    <ClInclude Include="Widgets\Image.h">
      <Filter>Widgets</Filter>
    </ClInclude>
    <ClInclude Include="Widgets\ProgressBar.h">
      <Filter>Widgets</Filter>
    </ClInclude>
    <ClInclude Include="Widgets\RadioBox.h">
      <Filter>Widgets</Filter>
    </ClInclude>
    <ClInclude Include="Widgets\Slider.h">
      <Filter>Widgets</Filter>
    </ClInclude>
    <ClInclude Include="Widgets\StaticText.h">
      <Filter>Widgets</Filter>
    </ClInclude>
    <ClInclude Include="MousePointer\PointerMouse.h">
      <Filter>MousePointer</Filter>
    </ClInclude>
  </ItemGroup>
</Project>