<?xml version="1.0" encoding="utf-8"?>
<Project ToolsVersion="4.0" xmlns="http://schemas.microsoft.com/developer/msbuild/2003">
  <ItemGroup>
    <Filter Include="Archivos de recursos">
      <UniqueIdentifier>{67DA6AB6-F800-4c08-8B7A-83BB121AAD01}</UniqueIdentifier>
      <Extensions>rc;ico;cur;bmp;dlg;rc2;rct;bin;rgs;gif;jpg;jpeg;jpe;resx;tiff;tif;png;wav;mfcribbon-ms</Extensions>
    </Filter>
    <Filter Include="TestProcess">
      <UniqueIdentifier>{e14ca7d2-419d-4444-afe4-0d5e29f16a29}</UniqueIdentifier>
    </Filter>
  </ItemGroup>
  <ItemGroup>
    <ClCompile Include="videogame.cpp" />
    <ClCompile Include="TestProcess.cpp" />
    <ClCompile Include="TestProcess\PhysicProcess.cpp">
      <Filter>TestProcess</Filter>
    </ClCompile>
    <ClCompile Include="TestProcess\PhysicMaterial.cpp">
      <Filter>TestProcess</Filter>
    </ClCompile>
    <ClCompile Include="TestProcess\PlayerPhysicProcess.cpp">
      <Filter>TestProcess</Filter>
    </ClCompile>
    <ClCompile Include="TestProcess\AStarProcess.cpp">
      <Filter>TestProcess</Filter>
    </ClCompile>
  </ItemGroup>
  <ItemGroup>
    <ClInclude Include="TestProcess.h" />
    <ClInclude Include="TestProcess\PhysicProcess.h">
      <Filter>TestProcess</Filter>
    </ClInclude>
    <ClInclude Include="TestProcess\PhysicMaterial.h">
      <Filter>TestProcess</Filter>
    </ClInclude>
    <ClInclude Include="TestProcess\PlayerPhysicProcess.h">
      <Filter>TestProcess</Filter>
    </ClInclude>
    <ClInclude Include="TestProcess\AStarProcess.h">
      <Filter>TestProcess</Filter>
    </ClInclude>
  </ItemGroup>
</Project>