<?xml version="1.0" encoding="utf-8"?>
<Project ToolsVersion="4.0" xmlns="http://schemas.microsoft.com/developer/msbuild/2003">
  <ItemGroup>
    <Filter Include="Archivos de recursos">
      <UniqueIdentifier>{67DA6AB6-F800-4c08-8B7A-83BB121AAD01}</UniqueIdentifier>
      <Extensions>rc;ico;cur;bmp;dlg;rc2;rct;bin;rgs;gif;jpg;jpeg;jpe;resx;tiff;tif;png;wav;mfcribbon-ms</Extensions>
    </Filter>
    <Filter Include="Texture">
      <UniqueIdentifier>{fce4ae15-28a3-4c88-ac40-6f51f069a6d9}</UniqueIdentifier>
    </Filter>
    <Filter Include="RenderableVertex">
      <UniqueIdentifier>{51e2cb65-bd01-4d00-95cf-02a246a9398c}</UniqueIdentifier>
    </Filter>
    <Filter Include="Camera">
      <UniqueIdentifier>{8961e2e7-c337-4808-ad2f-973708e650cb}</UniqueIdentifier>
    </Filter>
    <Filter Include="Fonts">
      <UniqueIdentifier>{30a93bf9-552c-4de6-b5b3-bae13c115214}</UniqueIdentifier>
    </Filter>
    <Filter Include="RenderableObject">
      <UniqueIdentifier>{88983a84-8789-44ac-8a00-6614cc5557ba}</UniqueIdentifier>
    </Filter>
    <Filter Include="StaticMeshes">
      <UniqueIdentifier>{42d4f003-1d0b-4079-a500-f337ff9de0dc}</UniqueIdentifier>
    </Filter>
    <Filter Include="AnimatedModels">
      <UniqueIdentifier>{cc26a49c-a5ec-4e3d-a219-1e416c5e48ce}</UniqueIdentifier>
    </Filter>
  </ItemGroup>
  <ItemGroup>
    <ClCompile Include="GraphicsManager.cpp" />
    <ClCompile Include="Object3D.cpp" />
    <ClCompile Include="Texture\Texture.cpp">
      <Filter>Texture</Filter>
    </ClCompile>
    <ClCompile Include="Texture\TextureManager.cpp">
      <Filter>Texture</Filter>
    </ClCompile>
    <ClCompile Include="Texture\GUITexture.cpp">
      <Filter>Texture</Filter>
    </ClCompile>
    <ClCompile Include="Texture\CubedTexture.cpp">
      <Filter>Texture</Filter>
    </ClCompile>
    <ClCompile Include="FontManager.cpp">
      <Filter>Fonts</Filter>
    </ClCompile>
    <ClCompile Include="RenderableObject\RenderableObject.cpp">
      <Filter>RenderableObject</Filter>
    </ClCompile>
    <ClCompile Include="RenderableObject\RenderableObjectsManager.cpp">
      <Filter>RenderableObject</Filter>
    </ClCompile>
    <ClCompile Include="StaticMeshes\StaticMesh.cpp">
      <Filter>StaticMeshes</Filter>
    </ClCompile>
    <ClCompile Include="StaticMeshes\StaticMeshManager.cpp">
      <Filter>StaticMeshes</Filter>
    </ClCompile>
    <ClCompile Include="StaticMeshes\InstanceMesh.cpp">
      <Filter>StaticMeshes</Filter>
    </ClCompile>
    <ClCompile Include="AnimatedModels\AnimatedCoreModel.cpp">
      <Filter>AnimatedModels</Filter>
    </ClCompile>
    <ClCompile Include="AnimatedModels\AnimatedInstanceModel.cpp">
      <Filter>AnimatedModels</Filter>
    </ClCompile>
    <ClCompile Include="AnimatedModels\AnimatedModelsManager.cpp">
      <Filter>AnimatedModels</Filter>
    </ClCompile>
    <ClCompile Include="Cameras\Camera.cpp">
      <Filter>Camera</Filter>
    </ClCompile>
    <ClCompile Include="Cameras\CameraFPShooter.cpp">
      <Filter>Camera</Filter>
    </ClCompile>
    <ClCompile Include="Cameras\Frustum.cpp">
      <Filter>Camera</Filter>
    </ClCompile>
  </ItemGroup>
  <ItemGroup>
    <ClInclude Include="GraphicsManager.h" />
    <ClInclude Include="Object3D.h" />
    <ClInclude Include="Texture\Texture.h">
      <Filter>Texture</Filter>
    </ClInclude>
    <ClInclude Include="Texture\TextureManager.h">
      <Filter>Texture</Filter>
    </ClInclude>
    <ClInclude Include="Texture\GUITexture.h">
      <Filter>Texture</Filter>
    </ClInclude>
    <ClInclude Include="Texture\CubedTexture.h">
      <Filter>Texture</Filter>
    </ClInclude>
    <ClInclude Include="RenderableVertex\RenderableVertex.h">
      <Filter>RenderableVertex</Filter>
    </ClInclude>
    <ClInclude Include="Fonts\FontManager.h">
      <Filter>Fonts</Filter>
    </ClInclude>
    <ClInclude Include="RenderableVertex\IndexedVertexs.h">
      <Filter>RenderableVertex</Filter>
    </ClInclude>
    <ClInclude Include="RenderableVertex\VertexTypes.h">
      <Filter>RenderableVertex</Filter>
    </ClInclude>
    <ClInclude Include="RenderableObject\RenderableObject.h">
      <Filter>RenderableObject</Filter>
    </ClInclude>
    <ClInclude Include="RenderableObject\RenderableObjectsManager.h">
      <Filter>RenderableObject</Filter>
    </ClInclude>
    <ClInclude Include="StaticMeshes\StaticMesh.h">
      <Filter>StaticMeshes</Filter>
    </ClInclude>
    <ClInclude Include="StaticMeshes\StaticMeshManager.h">
      <Filter>StaticMeshes</Filter>
    </ClInclude>
    <ClInclude Include="StaticMeshes\InstanceMesh.h">
      <Filter>StaticMeshes</Filter>
    </ClInclude>
    <ClInclude Include="AnimatedModels\AnimatedCoreModel.h">
      <Filter>AnimatedModels</Filter>
    </ClInclude>
    <ClInclude Include="AnimatedModels\AnimatedInstanceModel.h">
      <Filter>AnimatedModels</Filter>
    </ClInclude>
    <ClInclude Include="AnimatedModels\AnimatedModelsManager.h">
      <Filter>AnimatedModels</Filter>
    </ClInclude>
    <ClInclude Include="Cameras\Camera.h">
      <Filter>Camera</Filter>
    </ClInclude>
    <ClInclude Include="Cameras\CameraFPShooter.h">
      <Filter>Camera</Filter>
    </ClInclude>
    <ClInclude Include="Cameras\Frustum.h">
      <Filter>Camera</Filter>
    </ClInclude>
  </ItemGroup>
  <ItemGroup>
    <None Include="ClassDiagram1.cd" />
  </ItemGroup>
</Project>