<?xml version="1.0" encoding="utf-8"?>
<Project ToolsVersion="4.0" xmlns="http://schemas.microsoft.com/developer/msbuild/2003">
  <ItemGroup>
    <ClCompile Include="GraphicsManager.cpp" />
    <ClCompile Include="Object3D.cpp" />
    <ClCompile Include="AnimatedModels\AnimatedCoreModel.cpp">
      <Filter>AnimatedModels</Filter>
    </ClCompile>
    <ClCompile Include="AnimatedModels\AnimatedInstanceModel.cpp">
      <Filter>AnimatedModels</Filter>
    </ClCompile>
    <ClCompile Include="AnimatedModels\AnimatedModelsManager.cpp">
      <Filter>AnimatedModels</Filter>
    </ClCompile>
    <ClCompile Include="Cameras\Camera.cpp">
      <Filter>Cameras</Filter>
    </ClCompile>
    <ClCompile Include="Cameras\CameraCinematical.cpp">
      <Filter>Cameras</Filter>
    </ClCompile>
    <ClCompile Include="Cameras\CameraFPShooter.cpp">
      <Filter>Cameras</Filter>
    </ClCompile>
    <ClCompile Include="Cameras\CameraInfo.cpp">
      <Filter>Cameras</Filter>
    </ClCompile>
    <ClCompile Include="Cameras\CameraKey.cpp">
      <Filter>Cameras</Filter>
    </ClCompile>
    <ClCompile Include="Cameras\CameraKeyController.cpp">
      <Filter>Cameras</Filter>
    </ClCompile>
    <ClCompile Include="Cameras\CameraManager.cpp">
      <Filter>Cameras</Filter>
    </ClCompile>
    <ClCompile Include="Cameras\Frustum.cpp">
      <Filter>Cameras</Filter>
    </ClCompile>
    <ClCompile Include="Cinematics\Cinematic.cpp">
      <Filter>Cinematics</Filter>
    </ClCompile>
    <ClCompile Include="Cinematics\CinematicObject.cpp">
      <Filter>Cinematics</Filter>
    </ClCompile>
    <ClCompile Include="Cinematics\CinematicObjectKeyFrame.cpp">
      <Filter>Cinematics</Filter>
    </ClCompile>
    <ClCompile Include="Cinematics\CinematicPlayer.cpp">
      <Filter>Cinematics</Filter>
    </ClCompile>
    <ClCompile Include="Effects\Effect.cpp">
      <Filter>Effects</Filter>
    </ClCompile>
    <ClCompile Include="Effects\EffectManager.cpp">
      <Filter>Effects</Filter>
    </ClCompile>
    <ClCompile Include="Effects\EffectTechnique.cpp">
      <Filter>Effects</Filter>
    </ClCompile>
    <ClCompile Include="FontManager.cpp">
      <Filter>Fonts</Filter>
    </ClCompile>
    <ClCompile Include="Lights\DirectionalLight.cpp">
      <Filter>Lights</Filter>
    </ClCompile>
    <ClCompile Include="Lights\Light.cpp">
      <Filter>Lights</Filter>
    </ClCompile>
    <ClCompile Include="Lights\LightManager.cpp">
      <Filter>Lights</Filter>
    </ClCompile>
    <ClCompile Include="Lights\OmniLight.cpp">
      <Filter>Lights</Filter>
    </ClCompile>
    <ClCompile Include="Lights\SpotLight.cpp">
      <Filter>Lights</Filter>
    </ClCompile>
    <ClCompile Include="RenderableObject\RenderableObject.cpp">
      <Filter>RenderableObject</Filter>
    </ClCompile>
    <ClCompile Include="RenderableObject\RenderableObjectsManager.cpp">
      <Filter>RenderableObject</Filter>
    </ClCompile>
    <ClCompile Include="RenderableVertex\VertexTypes.cpp">
      <Filter>RenderableVertex</Filter>
    </ClCompile>
    <ClCompile Include="StaticMeshes\InstanceMesh.cpp">
      <Filter>StaticMeshes</Filter>
    </ClCompile>
    <ClCompile Include="StaticMeshes\StaticMesh.cpp">
      <Filter>StaticMeshes</Filter>
    </ClCompile>
    <ClCompile Include="StaticMeshes\StaticMeshManager.cpp">
      <Filter>StaticMeshes</Filter>
    </ClCompile>
    <ClCompile Include="Texture\CubedTexture.cpp">
      <Filter>Texture</Filter>
    </ClCompile>
    <ClCompile Include="Texture\GUITexture.cpp">
      <Filter>Texture</Filter>
    </ClCompile>
    <ClCompile Include="Texture\Texture.cpp">
      <Filter>Texture</Filter>
    </ClCompile>
    <ClCompile Include="Texture\TextureManager.cpp">
      <Filter>Texture</Filter>
    </ClCompile>
    <ClCompile Include="SceneRenderComands\SceneRendererCommand.cpp">
      <Filter>SceneRenderComands</Filter>
    </ClCompile>
    <ClCompile Include="SceneRenderComands\SceneRendererCommandManager.cpp">
      <Filter>SceneRenderComands</Filter>
    </ClCompile>
    <ClCompile Include="RenderableObject\RenderableObjectTechnique.cpp">
      <Filter>RenderableObject</Filter>
    </ClCompile>
    <ClCompile Include="RenderableObject\PoolRenderableObjectTechnique.cpp">
      <Filter>RenderableObject</Filter>
    </ClCompile>
    <ClCompile Include="RenderableObject\RenderableObjectTechniqueManager.cpp">
      <Filter>RenderableObject</Filter>
    </ClCompile>
    <ClCompile Include="RenderableObject\RenderableObjectsLayersManager.cpp">
      <Filter>RenderableObject</Filter>
    </ClCompile>
    <ClCompile Include="Cameras\CameraFree.cpp">
      <Filter>Cameras</Filter>
    </ClCompile>
    <ClCompile Include="Gizmos\GizmosManager.cpp">
      <Filter>Gizmos</Filter>
    </ClCompile>
    <ClCompile Include="Gizmos\Gizmo.cpp">
      <Filter>Gizmos</Filter>
    </ClCompile>
    <ClCompile Include="Gizmos\GizmoElement.cpp">
      <Filter>Gizmos</Filter>
    </ClCompile>
    <ClCompile Include="Billboard\BillboardManager.cpp">
      <Filter>Billboard</Filter>
    </ClCompile>
    <ClCompile Include="Shapes\Shapes.cpp">
      <Filter>Shapes</Filter>
    </ClCompile>
    <ClCompile Include="Cinematics\CinematicsElement\CinematicsElement.cpp">
      <Filter>Cinematics\CinematicsElement</Filter>
    </ClCompile>
    <ClCompile Include="Cinematics\CinematicsElement\HideElement.cpp">
      <Filter>Cinematics\CinematicsElement</Filter>
    </ClCompile>
    <ClCompile Include="Cinematics\CinematicsElement\PlayAnimationElement.cpp">
      <Filter>Cinematics\CinematicsElement</Filter>
    </ClCompile>
    <ClCompile Include="Cinematics\CinematicsElement\SetCameraElement.cpp">
      <Filter>Cinematics\CinematicsElement</Filter>
    </ClCompile>
    <ClCompile Include="Cinematics\CinematicsElement\SetTransformElement.cpp">
      <Filter>Cinematics\CinematicsElement</Filter>
    </ClCompile>
    <ClCompile Include="Cinematics\CinematicsElement\ShowDialogElement.cpp">
      <Filter>Cinematics\CinematicsElement</Filter>
    </ClCompile>
    <ClCompile Include="Cinematics\CinematicsElement\WaitTimeElement.cpp">
      <Filter>Cinematics\CinematicsElement</Filter>
    </ClCompile>
    <ClCompile Include="Cinematics\CinematicManager.cpp">
      <Filter>Cinematics</Filter>
    </ClCompile>
    <ClCompile Include="Lights\ShadowMap.cpp">
      <Filter>Lights</Filter>
    </ClCompile>
    <ClCompile Include="SceneRenderComands\BeginRenderSceneRendererCommand.cpp">
      <Filter>SceneRenderComands\DXCmd</Filter>
    </ClCompile>
    <ClCompile Include="SceneRenderComands\CaptureFrameBufferSceneRendererCommand.cpp">
      <Filter>SceneRenderComands\DXCmd</Filter>
    </ClCompile>
    <ClCompile Include="SceneRenderComands\ClearSceneRendererCommand.cpp">
      <Filter>SceneRenderComands\DXCmd</Filter>
    </ClCompile>
    <ClCompile Include="SceneRenderComands\DeveloperInfoSceneRendererCommand.cpp">
      <Filter>SceneRenderComands\DebugCmd</Filter>
    </ClCompile>
    <ClCompile Include="SceneRenderComands\DisableAlphaBlendSceneRendererCommand.cpp">
      <Filter>SceneRenderComands\DXCmd</Filter>
    </ClCompile>
    <ClCompile Include="SceneRenderComands\DisableAlphaTestSceneRendererCommand.cpp">
      <Filter>SceneRenderComands\DXCmd</Filter>
    </ClCompile>
    <ClCompile Include="SceneRenderComands\DisableZTestSceneRendererCommand.cpp">
      <Filter>SceneRenderComands\DXCmd</Filter>
    </ClCompile>
    <ClCompile Include="SceneRenderComands\DisableZWriteSceneRendererCommand.cpp">
      <Filter>SceneRenderComands\DXCmd</Filter>
    </ClCompile>
    <ClCompile Include="SceneRenderComands\EnableAlphaBlendSceneRendererCommand.cpp">
      <Filter>SceneRenderComands\DXCmd</Filter>
    </ClCompile>
    <ClCompile Include="SceneRenderComands\EnableAlphaTestSceneRendererCommand.cpp">
      <Filter>SceneRenderComands\DXCmd</Filter>
    </ClCompile>
    <ClCompile Include="SceneRenderComands\EnableZTestSceneRendererCommand.cpp">
      <Filter>SceneRenderComands\DXCmd</Filter>
    </ClCompile>
    <ClCompile Include="SceneRenderComands\EnableZWriteSceneRendererCommand.cpp">
      <Filter>SceneRenderComands\DXCmd</Filter>
    </ClCompile>
    <ClCompile Include="SceneRenderComands\EndRenderSceneRendererCommand.cpp">
      <Filter>SceneRenderComands\DXCmd</Filter>
    </ClCompile>
    <ClCompile Include="SceneRenderComands\SetBlendSceneRendererCommand.cpp">
      <Filter>SceneRenderComands\DXCmd</Filter>
    </ClCompile>
    <ClCompile Include="SceneRenderComands\SetMatricesSceneRendererCommand.cpp">
      <Filter>SceneRenderComands\DXCmd</Filter>
    </ClCompile>
    <ClCompile Include="SceneRenderComands\SetRenderTargetSceneRendererCommand.cpp">
      <Filter>SceneRenderComands\DXCmd</Filter>
    </ClCompile>
    <ClCompile Include="SceneRenderComands\StagedTexturedRendererCommand.cpp">
      <Filter>SceneRenderComands\DXCmd</Filter>
    </ClCompile>
    <ClCompile Include="SceneRenderComands\PresentSceneRendererCommand.cpp">
      <Filter>SceneRenderComands\DXCmd</Filter>
    </ClCompile>
    <ClCompile Include="SceneRenderComands\RenderDebugCommand.cpp">
      <Filter>SceneRenderComands\DebugCmd</Filter>
    </ClCompile>
    <ClCompile Include="SceneRenderComands\RenderGizmosCommand.cpp">
      <Filter>SceneRenderComands\DebugCmd</Filter>
    </ClCompile>
    <ClCompile Include="SceneRenderComands\GaussianSceneRendererCommand.cpp">
      <Filter>SceneRenderComands\PostProcCmd</Filter>
    </ClCompile>
    <ClCompile Include="SceneRenderComands\LensOfFlareRendererCommand.cpp">
      <Filter>SceneRenderComands\PostProcCmd</Filter>
    </ClCompile>
    <ClCompile Include="SceneRenderComands\BillboardRendererCommand.cpp">
      <Filter>SceneRenderComands\PostProcCmd\VisualsCmd</Filter>
    </ClCompile>
    <ClCompile Include="SceneRenderComands\ParticleRendererCommand.cpp">
      <Filter>SceneRenderComands\PostProcCmd\VisualsCmd</Filter>
    </ClCompile>
    <ClCompile Include="SceneRenderComands\RenderDebugSceneSceneRendererCommand.cpp">
      <Filter>SceneRenderComands\DebugCmd</Filter>
    </ClCompile>
    <ClCompile Include="SceneRenderComands\RenderDebugShadowMapsSceneRendererCommand.cpp">
      <Filter>SceneRenderComands\DebugCmd</Filter>
    </ClCompile>
    <ClCompile Include="SceneRenderComands\UnsetRenderTargetSceneRendererCommand.cpp">
      <Filter>SceneRenderComands\DXCmd</Filter>
    </ClCompile>
    <ClCompile Include="SceneRenderComands\WeaponTargetRendererCommand.cpp">
      <Filter>SceneRenderComands\PostProcCmd\VisualsCmd</Filter>
    </ClCompile>
    <ClCompile Include="SceneRenderComands\TriggerRendererCommand.cpp">
      <Filter>SceneRenderComands\DebugCmd</Filter>
    </ClCompile>
    <ClCompile Include="SceneRenderComands\RenderGUISceneRendererCommand.cpp">
      <Filter>SceneRenderComands\PostProcCmd\VisualsCmd</Filter>
    </ClCompile>
    <ClCompile Include="SceneRenderComands\RenderSceneSceneRendererCommand.cpp">
      <Filter>SceneRenderComands\DXCmd</Filter>
    </ClCompile>
    <ClCompile Include="SceneRenderComands\ProcessRenderRendererCommand.cpp">
      <Filter>SceneRenderComands\DebugCmd</Filter>
    </ClCompile>
    <ClCompile Include="SceneRenderComands\DeferredShadingSceneRendererCommand.cpp">
      <Filter>SceneRenderComands\EffectsCmd</Filter>
    </ClCompile>
    <ClCompile Include="SceneRenderComands\DrawQuadRendererCommand.cpp">
      <Filter>SceneRenderComands\EffectsCmd</Filter>
    </ClCompile>
    <ClCompile Include="SceneRenderComands\GenerateShadowMapsSceneRendererCommand.cpp">
      <Filter>SceneRenderComands\EffectsCmd</Filter>
    </ClCompile>
    <ClCompile Include="SceneRenderComands\RenderableObjectTechniquesSceneRendererCommand.cpp">
      <Filter>SceneRenderComands\DebugCmd</Filter>
    </ClCompile>
    <ClCompile Include="SceneRenderComands\BloomSceneRendererCommand.cpp">
      <Filter>SceneRenderComands\PostProcCmd</Filter>
    </ClCompile>
    <ClCompile Include="SceneRenderComands\DrawQuadByTechniqueRendererCommand.cpp">
      <Filter>SceneRenderComands\DebugCmd</Filter>
    </ClCompile>
    <ClCompile Include="SceneRenderComands\EditorsRendererCmd.cpp">
      <Filter>SceneRenderComands\Editors</Filter>
    </ClCompile>
    <ClCompile Include="RenderableVertex\InstancedVertexTypes.cpp">
      <Filter>RenderableVertex</Filter>
    </ClCompile>
    <ClCompile Include="GraphicsXMLTreeNode.cpp">
      <Filter>XML</Filter>
    </ClCompile>
    <ClCompile Include="Lights\LightProbe.cpp">
      <Filter>Lights</Filter>
    </ClCompile>
    <ClCompile Include="RenderableObject\Layer.cpp">
      <Filter>RenderableObject</Filter>
    </ClCompile>
    <ClCompile Include="RenderableObject\Room.cpp">
      <Filter>RenderableObject</Filter>
    </ClCompile>
    <ClCompile Include="RenderableObject\Scene.cpp">
      <Filter>RenderableObject</Filter>
    </ClCompile>
    <ClCompile Include="LensFlare\LensFlare.cpp">
      <Filter>LensFlare</Filter>
    </ClCompile>
    <ClCompile Include="LensFlare\LensFlareManager.cpp">
      <Filter>LensFlare</Filter>
    </ClCompile>
    <ClCompile Include="DronBarrier\DronBarrier.cpp">
      <Filter>DronBarrier</Filter>
    </ClCompile>
    <ClCompile Include="Billboard\BillboardCore.cpp">
      <Filter>Billboard</Filter>
    </ClCompile>
    <ClCompile Include="Billboard\BillboardInstance.cpp">
      <Filter>Billboard</Filter>
    </ClCompile>
    <ClCompile Include="VideoPlayer.cpp" />
    <ClCompile Include="SceneRenderComands\ZBlurSceneRendererCommand.cpp">
      <Filter>SceneRenderComands\PostProcCmd</Filter>
    </ClCompile>
    <ClCompile Include="SceneRenderComands\ScatteredLightRendererCommand.cpp">
      <Filter>SceneRenderComands\PostProcCmd</Filter>
    </ClCompile>
    <ClCompile Include="SceneRenderComands\OcclusionMap.cpp">
      <Filter>SceneRenderComands\EffectsCmd</Filter>
    </ClCompile>
  </ItemGroup>
  <ItemGroup>
    <ClInclude Include="GraphicsManager.h" />
    <ClInclude Include="Object3D.h" />
    <ClInclude Include="AnimatedModels\AnimatedCoreModel.h">
      <Filter>AnimatedModels</Filter>
    </ClInclude>
    <ClInclude Include="AnimatedModels\AnimatedInstanceModel.h">
      <Filter>AnimatedModels</Filter>
    </ClInclude>
    <ClInclude Include="AnimatedModels\AnimatedModelsManager.h">
      <Filter>AnimatedModels</Filter>
    </ClInclude>
    <ClInclude Include="Cameras\Camera.h">
      <Filter>Cameras</Filter>
    </ClInclude>
    <ClInclude Include="Cameras\CameraCinematical.h">
      <Filter>Cameras</Filter>
    </ClInclude>
    <ClInclude Include="Cameras\CameraFPShooter.h">
      <Filter>Cameras</Filter>
    </ClInclude>
    <ClInclude Include="Cameras\CameraInfo.h">
      <Filter>Cameras</Filter>
    </ClInclude>
    <ClInclude Include="Cameras\CameraKey.h">
      <Filter>Cameras</Filter>
    </ClInclude>
    <ClInclude Include="Cameras\CameraKeyController.h">
      <Filter>Cameras</Filter>
    </ClInclude>
    <ClInclude Include="Cameras\CameraManager.h">
      <Filter>Cameras</Filter>
    </ClInclude>
    <ClInclude Include="Cameras\Frustum.h">
      <Filter>Cameras</Filter>
    </ClInclude>
    <ClInclude Include="Cinematics\Cinematic.h">
      <Filter>Cinematics</Filter>
    </ClInclude>
    <ClInclude Include="Cinematics\CinematicObject.h">
      <Filter>Cinematics</Filter>
    </ClInclude>
    <ClInclude Include="Cinematics\CinematicObjectKeyFrame.h">
      <Filter>Cinematics</Filter>
    </ClInclude>
    <ClInclude Include="Cinematics\CinematicPlayer.h">
      <Filter>Cinematics</Filter>
    </ClInclude>
    <ClInclude Include="Effects\Defines.h">
      <Filter>Effects</Filter>
    </ClInclude>
    <ClInclude Include="Effects\Effect.h">
      <Filter>Effects</Filter>
    </ClInclude>
    <ClInclude Include="Effects\EffectManager.h">
      <Filter>Effects</Filter>
    </ClInclude>
    <ClInclude Include="Effects\EffectTechnique.h">
      <Filter>Effects</Filter>
    </ClInclude>
    <ClInclude Include="Fonts\FontManager.h">
      <Filter>Fonts</Filter>
    </ClInclude>
    <ClInclude Include="Lights\DirectionalLight.h">
      <Filter>Lights</Filter>
    </ClInclude>
    <ClInclude Include="Lights\Light.h">
      <Filter>Lights</Filter>
    </ClInclude>
    <ClInclude Include="Lights\LightManager.h">
      <Filter>Lights</Filter>
    </ClInclude>
    <ClInclude Include="Lights\OmniLight.h">
      <Filter>Lights</Filter>
    </ClInclude>
    <ClInclude Include="Lights\SpotLight.h">
      <Filter>Lights</Filter>
    </ClInclude>
    <ClInclude Include="RenderableObject\RenderableObject.h">
      <Filter>RenderableObject</Filter>
    </ClInclude>
    <ClInclude Include="RenderableObject\RenderableObjectsManager.h">
      <Filter>RenderableObject</Filter>
    </ClInclude>
    <ClInclude Include="RenderableVertex\IndexedVertexs.h">
      <Filter>RenderableVertex</Filter>
    </ClInclude>
    <ClInclude Include="RenderableVertex\RenderableVertex.h">
      <Filter>RenderableVertex</Filter>
    </ClInclude>
    <ClInclude Include="RenderableVertex\VertexTypes.h">
      <Filter>RenderableVertex</Filter>
    </ClInclude>
    <ClInclude Include="StaticMeshes\InstanceMesh.h">
      <Filter>StaticMeshes</Filter>
    </ClInclude>
    <ClInclude Include="StaticMeshes\StaticMesh.h">
      <Filter>StaticMeshes</Filter>
    </ClInclude>
    <ClInclude Include="StaticMeshes\StaticMeshManager.h">
      <Filter>StaticMeshes</Filter>
    </ClInclude>
    <ClInclude Include="Texture\CubedTexture.h">
      <Filter>Texture</Filter>
    </ClInclude>
    <ClInclude Include="Texture\GUITexture.h">
      <Filter>Texture</Filter>
    </ClInclude>
    <ClInclude Include="Texture\Texture.h">
      <Filter>Texture</Filter>
    </ClInclude>
    <ClInclude Include="Texture\TextureManager.h">
      <Filter>Texture</Filter>
    </ClInclude>
    <ClInclude Include="SceneRenderComands\SceneRendererCommand.h">
      <Filter>SceneRenderComands</Filter>
    </ClInclude>
    <ClInclude Include="SceneRenderComands\SceneRendererCommandManager.h">
      <Filter>SceneRenderComands</Filter>
    </ClInclude>
    <ClInclude Include="RenderableObject\RenderableObjectTechnique.h">
      <Filter>RenderableObject</Filter>
    </ClInclude>
    <ClInclude Include="RenderableObject\PoolRenderableObjectTechnique.h">
      <Filter>RenderableObject</Filter>
    </ClInclude>
    <ClInclude Include="RenderableObject\RenderableObjectTechniqueManager.h">
      <Filter>RenderableObject</Filter>
    </ClInclude>
    <ClInclude Include="RenderableObject\RenderableObjectsLayersManager.h">
      <Filter>RenderableObject</Filter>
    </ClInclude>
    <ClInclude Include="Cameras\CameraFree.h">
      <Filter>Cameras</Filter>
    </ClInclude>
    <ClInclude Include="Gizmos\GizmosManager.h">
      <Filter>Gizmos</Filter>
    </ClInclude>
    <ClInclude Include="Gizmos\Gizmo.h">
      <Filter>Gizmos</Filter>
    </ClInclude>
    <ClInclude Include="Gizmos\GizmoElement.h">
      <Filter>Gizmos</Filter>
    </ClInclude>
    <ClInclude Include="Billboard\BillboardManager.h">
      <Filter>Billboard</Filter>
    </ClInclude>
    <ClInclude Include="Shapes\Shapes.h">
      <Filter>Shapes</Filter>
    </ClInclude>
    <ClInclude Include="Cinematics\CinematicsElement\CinematicsElement.h">
      <Filter>Cinematics\CinematicsElement</Filter>
    </ClInclude>
    <ClInclude Include="Cinematics\CinematicsElement\HideElement.h">
      <Filter>Cinematics\CinematicsElement</Filter>
    </ClInclude>
    <ClInclude Include="Cinematics\CinematicsElement\PlayAnimationElement.h">
      <Filter>Cinematics\CinematicsElement</Filter>
    </ClInclude>
    <ClInclude Include="Cinematics\CinematicsElement\SetCameraElement.h">
      <Filter>Cinematics\CinematicsElement</Filter>
    </ClInclude>
    <ClInclude Include="Cinematics\CinematicsElement\SetTransformElement.h">
      <Filter>Cinematics\CinematicsElement</Filter>
    </ClInclude>
    <ClInclude Include="Cinematics\CinematicsElement\ShowDialogElement.h">
      <Filter>Cinematics\CinematicsElement</Filter>
    </ClInclude>
    <ClInclude Include="Cinematics\CinematicsElement\WaitTimeElement.h">
      <Filter>Cinematics\CinematicsElement</Filter>
    </ClInclude>
    <ClInclude Include="Cinematics\CinematicManager.h">
      <Filter>Cinematics</Filter>
    </ClInclude>
    <ClInclude Include="Lights\ShadowMap.h">
      <Filter>Lights</Filter>
    </ClInclude>
    <ClInclude Include="SceneRenderComands\BeginRenderSceneRendererCommand.h">
      <Filter>SceneRenderComands\DXCmd</Filter>
    </ClInclude>
    <ClInclude Include="SceneRenderComands\ClearSceneRendererCommand.h">
      <Filter>SceneRenderComands\DXCmd</Filter>
    </ClInclude>
    <ClInclude Include="SceneRenderComands\CaptureFrameBufferSceneRendererCommand.h">
      <Filter>SceneRenderComands\DXCmd</Filter>
    </ClInclude>
    <ClInclude Include="SceneRenderComands\DeveloperInfoSceneRendererCommand.h">
      <Filter>SceneRenderComands\DebugCmd</Filter>
    </ClInclude>
    <ClInclude Include="SceneRenderComands\DisableAlphaTestSceneRendererCommand.h">
      <Filter>SceneRenderComands\DXCmd</Filter>
    </ClInclude>
    <ClInclude Include="SceneRenderComands\DisableAlphaBlendSceneRendererCommand.h">
      <Filter>SceneRenderComands\DXCmd</Filter>
    </ClInclude>
    <ClInclude Include="SceneRenderComands\DisableZWriteSceneRendererCommand.h">
      <Filter>SceneRenderComands\DXCmd</Filter>
    </ClInclude>
    <ClInclude Include="SceneRenderComands\DisableZTestSceneRendererCommand.h">
      <Filter>SceneRenderComands\DXCmd</Filter>
    </ClInclude>
    <ClInclude Include="SceneRenderComands\EndRenderSceneRendererCommand.h">
      <Filter>SceneRenderComands\DXCmd</Filter>
    </ClInclude>
    <ClInclude Include="SceneRenderComands\EnableAlphaBlendSceneRendererCommand.h">
      <Filter>SceneRenderComands\DXCmd</Filter>
    </ClInclude>
    <ClInclude Include="SceneRenderComands\EnableAlphaTestSceneRendererCommand.h">
      <Filter>SceneRenderComands\DXCmd</Filter>
    </ClInclude>
    <ClInclude Include="SceneRenderComands\EnableZTestSceneRendererCommand.h">
      <Filter>SceneRenderComands\DXCmd</Filter>
    </ClInclude>
    <ClInclude Include="SceneRenderComands\EnableZWriteSceneRendererCommand.h">
      <Filter>SceneRenderComands\DXCmd</Filter>
    </ClInclude>
    <ClInclude Include="SceneRenderComands\StagedTexturedRendererCommand.h">
      <Filter>SceneRenderComands\DXCmd</Filter>
    </ClInclude>
    <ClInclude Include="SceneRenderComands\SetBlendSceneRendererCommand.h">
      <Filter>SceneRenderComands\DXCmd</Filter>
    </ClInclude>
    <ClInclude Include="SceneRenderComands\SetMatricesSceneRendererCommand.h">
      <Filter>SceneRenderComands\DXCmd</Filter>
    </ClInclude>
    <ClInclude Include="SceneRenderComands\SetRenderTargetSceneRendererCommand.h">
      <Filter>SceneRenderComands\DXCmd</Filter>
    </ClInclude>
    <ClInclude Include="SceneRenderComands\PresentSceneRendererCommand.h">
      <Filter>SceneRenderComands\DXCmd</Filter>
    </ClInclude>
    <ClInclude Include="SceneRenderComands\RenderDebugCommand.h">
      <Filter>SceneRenderComands\DebugCmd</Filter>
    </ClInclude>
    <ClInclude Include="SceneRenderComands\RenderGizmosCommand.h">
      <Filter>SceneRenderComands\DebugCmd</Filter>
    </ClInclude>
    <ClInclude Include="SceneRenderComands\GaussianSceneRendererCommand.h">
      <Filter>SceneRenderComands\PostProcCmd</Filter>
    </ClInclude>
    <ClInclude Include="SceneRenderComands\LensOfFlareRendererCommand.h">
      <Filter>SceneRenderComands\PostProcCmd</Filter>
    </ClInclude>
    <ClInclude Include="SceneRenderComands\BillboardRendererCommand.h">
      <Filter>SceneRenderComands\PostProcCmd\VisualsCmd</Filter>
    </ClInclude>
    <ClInclude Include="SceneRenderComands\ParticleRendererCommand.h">
      <Filter>SceneRenderComands\PostProcCmd\VisualsCmd</Filter>
    </ClInclude>
    <ClInclude Include="SceneRenderComands\RenderDebugShadowMapsSceneRendererCommand.h">
      <Filter>SceneRenderComands\DebugCmd</Filter>
    </ClInclude>
    <ClInclude Include="SceneRenderComands\RenderDebugSceneSceneRendererCommand.h">
      <Filter>SceneRenderComands\DebugCmd</Filter>
    </ClInclude>
    <ClInclude Include="SceneRenderComands\UnsetRenderTargetSceneRendererCommand.h">
      <Filter>SceneRenderComands\DXCmd</Filter>
    </ClInclude>
    <ClInclude Include="SceneRenderComands\WeaponTargetRendererCommand.h">
      <Filter>SceneRenderComands\PostProcCmd\VisualsCmd</Filter>
    </ClInclude>
    <ClInclude Include="SceneRenderComands\TriggerRendererCommand.h">
      <Filter>SceneRenderComands\DebugCmd</Filter>
    </ClInclude>
    <ClInclude Include="SceneRenderComands\RenderGUISceneRendererCommand.h">
      <Filter>SceneRenderComands\PostProcCmd\VisualsCmd</Filter>
    </ClInclude>
    <ClInclude Include="SceneRenderComands\RenderSceneSceneRendererCommand.h">
      <Filter>SceneRenderComands\DXCmd</Filter>
    </ClInclude>
    <ClInclude Include="SceneRenderComands\ProcessRenderRendererCommand.h">
      <Filter>SceneRenderComands\DebugCmd</Filter>
    </ClInclude>
    <ClInclude Include="SceneRenderComands\DeferredShadingSceneRendererCommand.h">
      <Filter>SceneRenderComands\EffectsCmd</Filter>
    </ClInclude>
    <ClInclude Include="SceneRenderComands\DrawQuadRendererCommand.h">
      <Filter>SceneRenderComands\EffectsCmd</Filter>
    </ClInclude>
    <ClInclude Include="SceneRenderComands\GenerateShadowMapsSceneRendererCommand.h">
      <Filter>SceneRenderComands\EffectsCmd</Filter>
    </ClInclude>
    <ClInclude Include="SceneRenderComands\RenderableObjectTechniquesSceneRendererCommand.h">
      <Filter>SceneRenderComands\DebugCmd</Filter>
    </ClInclude>
    <ClInclude Include="SceneRenderComands\BloomSceneRendererCommand.h">
      <Filter>SceneRenderComands\PostProcCmd</Filter>
    </ClInclude>
    <ClInclude Include="SceneRenderComands\DrawQuadByTechniqueRendererCommand.h">
      <Filter>SceneRenderComands\DebugCmd</Filter>
    </ClInclude>
    <ClInclude Include="SceneRenderComands\EditorsRendererCmd.h">
      <Filter>SceneRenderComands\Editors</Filter>
    </ClInclude>
    <ClInclude Include="RenderableVertex\InstancingVertexs.h">
      <Filter>RenderableVertex</Filter>
    </ClInclude>
    <ClInclude Include="RenderableVertex\InstancedVertexTypes.h">
      <Filter>RenderableVertex</Filter>
    </ClInclude>
    <ClInclude Include="dx9.h" />
    <ClInclude Include="Lights\LightProbe.h">
      <Filter>Lights</Filter>
    </ClInclude>
    <ClInclude Include="RenderableObject\Layer.h">
      <Filter>RenderableObject</Filter>
    </ClInclude>
    <ClInclude Include="RenderableObject\Room.h">
      <Filter>RenderableObject</Filter>
    </ClInclude>
    <ClInclude Include="RenderableObject\Scene.h">
      <Filter>RenderableObject</Filter>
    </ClInclude>
    <ClInclude Include="LensFlare\LensFlare.h">
      <Filter>LensFlare</Filter>
    </ClInclude>
    <ClInclude Include="LensFlare\LensFlareManager.h">
      <Filter>LensFlare</Filter>
    </ClInclude>
    <ClInclude Include="DronBarrier\DronBarrier.h">
      <Filter>DronBarrier</Filter>
    </ClInclude>
    <ClInclude Include="Billboard\BillboardCore.h">
      <Filter>Billboard</Filter>
    </ClInclude>
    <ClInclude Include="Billboard\BillboardInstance.h">
      <Filter>Billboard</Filter>
    </ClInclude>
    <ClInclude Include="VideoPlayer.h" />
    <ClInclude Include="SceneRenderComands\ZBlurSceneRendererCommand.h">
      <Filter>SceneRenderComands\PostProcCmd</Filter>
    </ClInclude>
    <ClInclude Include="SceneRenderComands\ScatteredLightRendererCommand.h">
      <Filter>SceneRenderComands\PostProcCmd</Filter>
    </ClInclude>
    <ClInclude Include="SceneRenderComands\OcclusionMap.h">
      <Filter>SceneRenderComands\EffectsCmd</Filter>
    </ClInclude>
  </ItemGroup>
  <ItemGroup>
    <Filter Include="AnimatedModels">
      <UniqueIdentifier>{c851e9a3-f686-4c95-bb3c-1dacf0798ec3}</UniqueIdentifier>
    </Filter>
    <Filter Include="Cameras">
      <UniqueIdentifier>{7c74970e-52b7-44ee-9933-8bd1ae1ca344}</UniqueIdentifier>
    </Filter>
    <Filter Include="Cinematics">
      <UniqueIdentifier>{5920acd4-d670-4a77-a018-c70262fa58e7}</UniqueIdentifier>
    </Filter>
    <Filter Include="Effects">
      <UniqueIdentifier>{df5c5414-9dd3-470d-a0ae-3f3ad2539e77}</UniqueIdentifier>
    </Filter>
    <Filter Include="Fonts">
      <UniqueIdentifier>{c4945c5c-7fca-4907-ab6c-35f3cab08c2c}</UniqueIdentifier>
    </Filter>
    <Filter Include="Lights">
      <UniqueIdentifier>{2bdcc88a-1952-409f-8c64-cf5a65e10cf8}</UniqueIdentifier>
    </Filter>
    <Filter Include="RenderableObject">
      <UniqueIdentifier>{711d03cc-1154-4a95-b51d-b7d939e3be78}</UniqueIdentifier>
    </Filter>
    <Filter Include="RenderableVertex">
      <UniqueIdentifier>{0e2eebee-d1e8-4f48-9b14-e17660514624}</UniqueIdentifier>
    </Filter>
    <Filter Include="Texture">
      <UniqueIdentifier>{adc506b2-03c9-4540-995b-b0c9b286ae15}</UniqueIdentifier>
    </Filter>
    <Filter Include="SceneRenderComands">
      <UniqueIdentifier>{4e7fd12b-15d4-4384-b496-28ef5169fa2f}</UniqueIdentifier>
    </Filter>
    <Filter Include="StaticMeshes">
      <UniqueIdentifier>{5c5324d5-4c2d-48ae-b6af-fddbe48f4f7f}</UniqueIdentifier>
    </Filter>
    <Filter Include="Billboard">
      <UniqueIdentifier>{d076ecc9-bf12-4d5f-bf66-5728db8f7a2c}</UniqueIdentifier>
    </Filter>
    <Filter Include="Gizmos">
      <UniqueIdentifier>{03e11d5f-aead-4c2e-9bc1-da6cff311a00}</UniqueIdentifier>
    </Filter>
    <Filter Include="Shapes">
      <UniqueIdentifier>{486b1cb6-f701-46a4-941d-8e49c3c2b306}</UniqueIdentifier>
    </Filter>
    <Filter Include="Cinematics\CinematicsElement">
      <UniqueIdentifier>{dbf7c471-5c03-4f17-b4cd-3ff0e353c30b}</UniqueIdentifier>
    </Filter>
    <Filter Include="SceneRenderComands\PostProcCmd">
      <UniqueIdentifier>{f727dcb7-5eb2-4551-bde0-af949d8fe6fb}</UniqueIdentifier>
    </Filter>
    <Filter Include="SceneRenderComands\DXCmd">
      <UniqueIdentifier>{2f9ddd61-d176-4fd9-bc35-d0600a94f973}</UniqueIdentifier>
    </Filter>
    <Filter Include="SceneRenderComands\DebugCmd">
      <UniqueIdentifier>{42b0243a-0b14-4669-837c-55497473958e}</UniqueIdentifier>
    </Filter>
    <Filter Include="SceneRenderComands\EffectsCmd">
      <UniqueIdentifier>{b40002c5-8ae9-4015-aa51-4e09ba0c6010}</UniqueIdentifier>
    </Filter>
    <Filter Include="SceneRenderComands\Editors">
      <UniqueIdentifier>{0f70fc96-40e7-4b8a-897c-35972cd387b4}</UniqueIdentifier>
    </Filter>
    <Filter Include="XML">
      <UniqueIdentifier>{abed453d-257e-4443-bc9a-5fdc2a75916f}</UniqueIdentifier>
    </Filter>
    <Filter Include="LensFlare">
      <UniqueIdentifier>{174f1671-ece3-41fc-bad9-50c47a45eead}</UniqueIdentifier>
    </Filter>
    <Filter Include="DronBarrier">
      <UniqueIdentifier>{3dac9d0b-bfaf-4010-a512-9e54ea45ada0}</UniqueIdentifier>
    </Filter>
    <Filter Include="SceneRenderComands\PostProcCmd\VisualsCmd">
      <UniqueIdentifier>{c61a49ff-1c74-489c-b963-41de6b334f58}</UniqueIdentifier>
    </Filter>
  </ItemGroup>
</Project>