<?xml version="1.0" encoding="utf-8"?>
<Project ToolsVersion="4.0" xmlns="http://schemas.microsoft.com/developer/msbuild/2003">
  <ItemGroup>
    <Filter Include="Archivos de recursos">
      <UniqueIdentifier>{67DA6AB6-F800-4c08-8B7A-83BB121AAD01}</UniqueIdentifier>
      <Extensions>rc;ico;cur;bmp;dlg;rc2;rct;bin;rgs;gif;jpg;jpeg;jpe;resx;tiff;tif;png;wav;mfcribbon-ms</Extensions>
    </Filter>
    <Filter Include="Texture">
      <UniqueIdentifier>{fce4ae15-28a3-4c88-ac40-6f51f069a6d9}</UniqueIdentifier>
    </Filter>
    <Filter Include="RenderableVertex">
      <UniqueIdentifier>{51e2cb65-bd01-4d00-95cf-02a246a9398c}</UniqueIdentifier>
    </Filter>
    <Filter Include="Camera">
      <UniqueIdentifier>{8961e2e7-c337-4808-ad2f-973708e650cb}</UniqueIdentifier>
    </Filter>
    <Filter Include="Fonts">
      <UniqueIdentifier>{30a93bf9-552c-4de6-b5b3-bae13c115214}</UniqueIdentifier>
    </Filter>
    <Filter Include="RenderableObject">
      <UniqueIdentifier>{88983a84-8789-44ac-8a00-6614cc5557ba}</UniqueIdentifier>
    </Filter>
    <Filter Include="StaticMeshes">
      <UniqueIdentifier>{42d4f003-1d0b-4079-a500-f337ff9de0dc}</UniqueIdentifier>
    </Filter>
    <Filter Include="AnimatedModels">
      <UniqueIdentifier>{cc26a49c-a5ec-4e3d-a219-1e416c5e48ce}</UniqueIdentifier>
    </Filter>
    <Filter Include="Cinematics">
      <UniqueIdentifier>{cfdcb786-391c-4e3d-9f96-f99ea5d243c9}</UniqueIdentifier>
    </Filter>
    <Filter Include="Lights">
      <UniqueIdentifier>{e07e974a-64fc-4da1-b816-555d4cd53cf1}</UniqueIdentifier>
    </Filter>
    <Filter Include="SceneRenderCommands">
      <UniqueIdentifier>{dfa2fdde-c4b9-47ee-b484-1da769e426b3}</UniqueIdentifier>
    </Filter>
  </ItemGroup>
  <ItemGroup>
    <ClCompile Include="GraphicsManager.cpp" />
    <ClCompile Include="Object3D.cpp" />
    <ClCompile Include="Texture\Texture.cpp">
      <Filter>Texture</Filter>
    </ClCompile>
    <ClCompile Include="Texture\TextureManager.cpp">
      <Filter>Texture</Filter>
    </ClCompile>
    <ClCompile Include="Texture\GUITexture.cpp">
      <Filter>Texture</Filter>
    </ClCompile>
    <ClCompile Include="Texture\CubedTexture.cpp">
      <Filter>Texture</Filter>
    </ClCompile>
    <ClCompile Include="FontManager.cpp">
      <Filter>Fonts</Filter>
    </ClCompile>
    <ClCompile Include="RenderableObject\RenderableObject.cpp">
      <Filter>RenderableObject</Filter>
    </ClCompile>
    <ClCompile Include="RenderableObject\RenderableObjectsManager.cpp">
      <Filter>RenderableObject</Filter>
    </ClCompile>
    <ClCompile Include="StaticMeshes\StaticMesh.cpp">
      <Filter>StaticMeshes</Filter>
    </ClCompile>
    <ClCompile Include="StaticMeshes\StaticMeshManager.cpp">
      <Filter>StaticMeshes</Filter>
    </ClCompile>
    <ClCompile Include="StaticMeshes\InstanceMesh.cpp">
      <Filter>StaticMeshes</Filter>
    </ClCompile>
    <ClCompile Include="AnimatedModels\AnimatedCoreModel.cpp">
      <Filter>AnimatedModels</Filter>
    </ClCompile>
    <ClCompile Include="AnimatedModels\AnimatedInstanceModel.cpp">
      <Filter>AnimatedModels</Filter>
    </ClCompile>
    <ClCompile Include="AnimatedModels\AnimatedModelsManager.cpp">
      <Filter>AnimatedModels</Filter>
    </ClCompile>
    <ClCompile Include="Cameras\Camera.cpp">
      <Filter>Camera</Filter>
    </ClCompile>
    <ClCompile Include="Cameras\CameraFPShooter.cpp">
      <Filter>Camera</Filter>
    </ClCompile>
    <ClCompile Include="Cameras\Frustum.cpp">
      <Filter>Camera</Filter>
    </ClCompile>
    <ClCompile Include="Cameras\CameraInfo.cpp">
      <Filter>Camera</Filter>
    </ClCompile>
    <ClCompile Include="Cameras\CameraKey.cpp">
      <Filter>Camera</Filter>
    </ClCompile>
    <ClCompile Include="Cameras\CameraKeyController.cpp">
      <Filter>Camera</Filter>
    </ClCompile>
    <ClCompile Include="Lights\LightManager.cpp">
      <Filter>Lights</Filter>
    </ClCompile>
    <ClCompile Include="Lights\Light.cpp">
      <Filter>Lights</Filter>
    </ClCompile>
    <ClCompile Include="Lights\OmniLight.cpp">
      <Filter>Lights</Filter>
    </ClCompile>
    <ClCompile Include="Lights\DirectionalLight.cpp">
      <Filter>Lights</Filter>
    </ClCompile>
    <ClCompile Include="Lights\SpotLight.cpp">
      <Filter>Lights</Filter>
    </ClCompile>
    <ClCompile Include="Cameras\CameraManager.cpp">
      <Filter>Camera</Filter>
    </ClCompile>
    <ClCompile Include="Cinematics\Cinematic.cpp" />
    <ClCompile Include="Cinematics\CinematicObject.cpp" />
    <ClCompile Include="Cinematics\CinematicObjectKeyFrame.cpp" />
    <ClCompile Include="Cinematics\CinematicPlayer.cpp" />
    <ClCompile Include="SceneRenderComands\SceneRendererCommandManager.cpp">
      <Filter>SceneRenderCommands</Filter>
    </ClCompile>
    <ClCompile Include="SceneRenderComands\BeginRenderSceneRendererCommand.cpp">
      <Filter>SceneRenderCommands</Filter>
    </ClCompile>
    <ClCompile Include="SceneRenderComands\CaptureFrameBufferSceneRendererCommand.cpp">
      <Filter>SceneRenderCommands</Filter>
    </ClCompile>
    <ClCompile Include="SceneRenderComands\ClearSceneRendererCommand.cpp">
      <Filter>SceneRenderCommands</Filter>
    </ClCompile>
    <ClCompile Include="SceneRenderComands\DeferredShadingSceneRendererCommand.cpp">
      <Filter>SceneRenderCommands</Filter>
    </ClCompile>
    <ClCompile Include="SceneRenderComands\DisableZTestSceneRendererCommand.cpp">
      <Filter>SceneRenderCommands</Filter>
    </ClCompile>
    <ClCompile Include="SceneRenderComands\DisableZWriteSceneRendererCommand.cpp">
      <Filter>SceneRenderCommands</Filter>
    </ClCompile>
    <ClCompile Include="SceneRenderComands\DrawQuadRendererCommand.cpp">
      <Filter>SceneRenderCommands</Filter>
    </ClCompile>
    <ClCompile Include="SceneRenderComands\EnableZTestSceneRendererCommand.cpp">
      <Filter>SceneRenderCommands</Filter>
    </ClCompile>
    <ClCompile Include="SceneRenderComands\EnableZWriteSceneRendererCommand.cpp">
      <Filter>SceneRenderCommands</Filter>
    </ClCompile>
    <ClCompile Include="SceneRenderComands\EndRenderSceneRendererCommand.cpp">
      <Filter>SceneRenderCommands</Filter>
    </ClCompile>
    <ClCompile Include="SceneRenderComands\GenerateShadowMapsSceneRendererCommand.cpp">
      <Filter>SceneRenderCommands</Filter>
    </ClCompile>
    <ClCompile Include="SceneRenderComands\PresentSceneRendererCommand.cpp">
      <Filter>SceneRenderCommands</Filter>
    </ClCompile>
    <ClCompile Include="SceneRenderComands\RenderableObjectTechniquesSceneRendererCommand.cpp">
      <Filter>SceneRenderCommands</Filter>
    </ClCompile>
    <ClCompile Include="SceneRenderComands\RenderDebugLightsSceneRendererCommand.cpp">
      <Filter>SceneRenderCommands</Filter>
    </ClCompile>
    <ClCompile Include="SceneRenderComands\RenderDebugSceneSceneRendererCommand.cpp">
      <Filter>SceneRenderCommands</Filter>
    </ClCompile>
    <ClCompile Include="SceneRenderComands\RenderDebugShadowMapsSceneRendererCommand.cpp">
      <Filter>SceneRenderCommands</Filter>
    </ClCompile>
    <ClCompile Include="SceneRenderComands\RenderGUISceneRendererCommand.cpp">
      <Filter>SceneRenderCommands</Filter>
    </ClCompile>
    <ClCompile Include="SceneRenderComands\RenderSceneSceneRendererCommand.cpp">
      <Filter>SceneRenderCommands</Filter>
    </ClCompile>
    <ClCompile Include="SceneRenderComands\SceneRendererCommand.cpp">
      <Filter>SceneRenderCommands</Filter>
    </ClCompile>
    <ClCompile Include="SceneRenderComands\SetMatricesSceneRendererCommand.cpp">
      <Filter>SceneRenderCommands</Filter>
    </ClCompile>
    <ClCompile Include="SceneRenderComands\SetRenderTargetSceneRendererCommand.cpp">
      <Filter>SceneRenderCommands</Filter>
    </ClCompile>
    <ClCompile Include="SceneRenderComands\StagedTexturedRendererCommand.cpp">
      <Filter>SceneRenderCommands</Filter>
    </ClCompile>
    <ClCompile Include="SceneRenderComands\UnsetRenderTargetSceneRendererCommand.cpp">
      <Filter>SceneRenderCommands</Filter>
    </ClCompile>
  </ItemGroup>
  <ItemGroup>
    <ClInclude Include="GraphicsManager.h" />
    <ClInclude Include="Object3D.h" />
    <ClInclude Include="Texture\Texture.h">
      <Filter>Texture</Filter>
    </ClInclude>
    <ClInclude Include="Texture\TextureManager.h">
      <Filter>Texture</Filter>
    </ClInclude>
    <ClInclude Include="Texture\GUITexture.h">
      <Filter>Texture</Filter>
    </ClInclude>
    <ClInclude Include="Texture\CubedTexture.h">
      <Filter>Texture</Filter>
    </ClInclude>
    <ClInclude Include="RenderableVertex\RenderableVertex.h">
      <Filter>RenderableVertex</Filter>
    </ClInclude>
    <ClInclude Include="Fonts\FontManager.h">
      <Filter>Fonts</Filter>
    </ClInclude>
    <ClInclude Include="RenderableVertex\IndexedVertexs.h">
      <Filter>RenderableVertex</Filter>
    </ClInclude>
    <ClInclude Include="RenderableVertex\VertexTypes.h">
      <Filter>RenderableVertex</Filter>
    </ClInclude>
    <ClInclude Include="RenderableObject\RenderableObject.h">
      <Filter>RenderableObject</Filter>
    </ClInclude>
    <ClInclude Include="RenderableObject\RenderableObjectsManager.h">
      <Filter>RenderableObject</Filter>
    </ClInclude>
    <ClInclude Include="StaticMeshes\StaticMesh.h">
      <Filter>StaticMeshes</Filter>
    </ClInclude>
    <ClInclude Include="StaticMeshes\StaticMeshManager.h">
      <Filter>StaticMeshes</Filter>
    </ClInclude>
    <ClInclude Include="StaticMeshes\InstanceMesh.h">
      <Filter>StaticMeshes</Filter>
    </ClInclude>
    <ClInclude Include="AnimatedModels\AnimatedCoreModel.h">
      <Filter>AnimatedModels</Filter>
    </ClInclude>
    <ClInclude Include="AnimatedModels\AnimatedInstanceModel.h">
      <Filter>AnimatedModels</Filter>
    </ClInclude>
    <ClInclude Include="AnimatedModels\AnimatedModelsManager.h">
      <Filter>AnimatedModels</Filter>
    </ClInclude>
    <ClInclude Include="Cameras\Camera.h">
      <Filter>Camera</Filter>
    </ClInclude>
    <ClInclude Include="Cameras\CameraFPShooter.h">
      <Filter>Camera</Filter>
    </ClInclude>
    <ClInclude Include="Cameras\Frustum.h">
      <Filter>Camera</Filter>
    </ClInclude>
    <ClInclude Include="Cameras\CameraInfo.h">
      <Filter>Camera</Filter>
    </ClInclude>
    <ClInclude Include="Cameras\CameraKey.h">
      <Filter>Camera</Filter>
    </ClInclude>
    <ClInclude Include="Cameras\CameraKeyController.h">
      <Filter>Camera</Filter>
    </ClInclude>
    <ClInclude Include="Lights\LightManager.h">
      <Filter>Lights</Filter>
    </ClInclude>
    <ClInclude Include="Lights\Light.h">
      <Filter>Lights</Filter>
    </ClInclude>
    <ClInclude Include="Lights\OmniLight.h">
      <Filter>Lights</Filter>
    </ClInclude>
    <ClInclude Include="Lights\DirectionalLight.h">
      <Filter>Lights</Filter>
    </ClInclude>
    <ClInclude Include="Lights\SpotLight.h">
      <Filter>Lights</Filter>
    </ClInclude>
    <ClInclude Include="Cameras\CameraManager.h">
      <Filter>Camera</Filter>
    </ClInclude>
    <ClInclude Include="Cinematics\Cinematic.h" />
    <ClInclude Include="Cinematics\CinematicObject.h" />
    <ClInclude Include="Cinematics\CinematicObjectKeyFrame.h" />
    <ClInclude Include="Cinematics\CinematicPlayer.h" />
    <ClInclude Include="SceneRenderComands\SceneRendererCommandManager.h">
      <Filter>SceneRenderCommands</Filter>
    </ClInclude>
    <ClInclude Include="SceneRenderComands\BeginRenderSceneRendererCommand.h">
      <Filter>SceneRenderCommands</Filter>
    </ClInclude>
    <ClInclude Include="SceneRenderComands\CaptureFrameBufferSceneRendererCommand.h">
      <Filter>SceneRenderCommands</Filter>
    </ClInclude>
    <ClInclude Include="SceneRenderComands\ClearSceneRendererCommand.h">
      <Filter>SceneRenderCommands</Filter>
    </ClInclude>
    <ClInclude Include="SceneRenderComands\DeferredShadingSceneRendererCommand.h">
      <Filter>SceneRenderCommands</Filter>
    </ClInclude>
    <ClInclude Include="SceneRenderComands\DisableZTestSceneRendererCommand.h">
      <Filter>SceneRenderCommands</Filter>
    </ClInclude>
    <ClInclude Include="SceneRenderComands\DisableZWriteSceneRendererCommand.h">
      <Filter>SceneRenderCommands</Filter>
    </ClInclude>
    <ClInclude Include="SceneRenderComands\DrawQuadRendererCommand.h">
      <Filter>SceneRenderCommands</Filter>
    </ClInclude>
    <ClInclude Include="SceneRenderComands\EnableZTestSceneRendererCommand.h">
      <Filter>SceneRenderCommands</Filter>
    </ClInclude>
    <ClInclude Include="SceneRenderComands\EnableZWriteSceneRendererCommand.h">
      <Filter>SceneRenderCommands</Filter>
    </ClInclude>
    <ClInclude Include="SceneRenderComands\EndRenderSceneRendererCommand.h">
      <Filter>SceneRenderCommands</Filter>
    </ClInclude>
    <ClInclude Include="SceneRenderComands\GenerateShadowMapsSceneRendererCommand.h">
      <Filter>SceneRenderCommands</Filter>
    </ClInclude>
    <ClInclude Include="SceneRenderComands\PresentSceneRendererCommand.h">
      <Filter>SceneRenderCommands</Filter>
    </ClInclude>
    <ClInclude Include="SceneRenderComands\RenderableObjectTechniquesSceneRendererCommand.h">
      <Filter>SceneRenderCommands</Filter>
    </ClInclude>
    <ClInclude Include="SceneRenderComands\RenderDebugLightsSceneRendererCommand.h">
      <Filter>SceneRenderCommands</Filter>
    </ClInclude>
    <ClInclude Include="SceneRenderComands\RenderDebugSceneSceneRendererCommand.h">
      <Filter>SceneRenderCommands</Filter>
    </ClInclude>
    <ClInclude Include="SceneRenderComands\RenderDebugShadowMapsSceneRendererCommand.h">
      <Filter>SceneRenderCommands</Filter>
    </ClInclude>
    <ClInclude Include="SceneRenderComands\RenderGUISceneRendererCommand.h">
      <Filter>SceneRenderCommands</Filter>
    </ClInclude>
    <ClInclude Include="SceneRenderComands\RenderSceneSceneRendererCommand.h">
      <Filter>SceneRenderCommands</Filter>
    </ClInclude>
    <ClInclude Include="SceneRenderComands\SceneRendererCommand.h">
      <Filter>SceneRenderCommands</Filter>
    </ClInclude>
    <ClInclude Include="SceneRenderComands\SetMatricesSceneRendererCommand.h">
      <Filter>SceneRenderCommands</Filter>
    </ClInclude>
    <ClInclude Include="SceneRenderComands\SetRenderTargetSceneRendererCommand.h">
      <Filter>SceneRenderCommands</Filter>
    </ClInclude>
    <ClInclude Include="SceneRenderComands\StagedTexturedRendererCommand.h">
      <Filter>SceneRenderCommands</Filter>
    </ClInclude>
    <ClInclude Include="SceneRenderComands\UnsetRenderTargetSceneRendererCommand.h">
      <Filter>SceneRenderCommands</Filter>
    </ClInclude>
  </ItemGroup>
</Project>