<?xml version="1.0" encoding="utf-8"?>
<Project ToolsVersion="4.0" xmlns="http://schemas.microsoft.com/developer/msbuild/2003">
  <ItemGroup>
    <Filter Include="Archivos de recursos">
      <UniqueIdentifier>{67DA6AB6-F800-4c08-8B7A-83BB121AAD01}</UniqueIdentifier>
      <Extensions>rc;ico;cur;bmp;dlg;rc2;rct;bin;rgs;gif;jpg;jpeg;jpe;resx;tiff;tif;png;wav;mfcribbon-ms</Extensions>
    </Filter>
    <Filter Include="StateMachine">
      <UniqueIdentifier>{41914ad3-f53b-4bc4-bf4c-bcc7de574342}</UniqueIdentifier>
    </Filter>
    <Filter Include="Characters">
      <UniqueIdentifier>{dc8f024c-b331-4f6a-90c8-0b9e0fe5bd97}</UniqueIdentifier>
    </Filter>
    <Filter Include="Characters\Enemies">
      <UniqueIdentifier>{4d9bf2f5-32aa-45d8-b220-f32ad7b2e2a3}</UniqueIdentifier>
    </Filter>
    <Filter Include="Graph">
      <UniqueIdentifier>{3c61283d-3465-4a1d-b97c-4c5772dc98c5}</UniqueIdentifier>
    </Filter>
    <Filter Include="PathFinding">
      <UniqueIdentifier>{e5139f7d-30a7-4dc9-857b-e727b75ad4a7}</UniqueIdentifier>
    </Filter>
    <Filter Include="MessagePassing">
      <UniqueIdentifier>{6950f492-9546-43a5-ab80-54d7d7088b0c}</UniqueIdentifier>
    </Filter>
  </ItemGroup>
  <ItemGroup>
    <ClCompile Include="StateMachine\Action.cpp">
      <Filter>StateMachine</Filter>
    </ClCompile>
    <ClCompile Include="StateMachine\State.cpp">
      <Filter>StateMachine</Filter>
    </ClCompile>
    <ClCompile Include="StateMachine\StateMachine.cpp">
      <Filter>StateMachine</Filter>
    </ClCompile>
    <ClCompile Include="Characters\Character.cpp">
      <Filter>Characters</Filter>
    </ClCompile>
    <ClCompile Include="Characters\Enemies\BossEnemy.cpp">
      <Filter>Characters\Enemies</Filter>
    </ClCompile>
    <ClCompile Include="Characters\Enemies\EasyEnemy.cpp">
      <Filter>Characters\Enemies</Filter>
    </ClCompile>
    <ClCompile Include="Characters\Enemies\Enemy.cpp">
      <Filter>Characters\Enemies</Filter>
    </ClCompile>
    <ClCompile Include="Characters\Enemies\EnemyManager.cpp">
      <Filter>Characters\Enemies</Filter>
    </ClCompile>
    <ClCompile Include="Characters\Enemies\PatrolEnemy.cpp">
      <Filter>Characters\Enemies</Filter>
    </ClCompile>
    <ClCompile Include="Graph\Graph.cpp">
      <Filter>Graph</Filter>
    </ClCompile>
    <ClCompile Include="Pathfinding\AStar.cpp">
      <Filter>PathFinding</Filter>
    </ClCompile>
    <ClCompile Include="MessagePassing\Blackboard.cpp">
      <Filter>MessagePassing</Filter>
    </ClCompile>
    <ClCompile Include="MessagePassing\Subscriber.cpp">
      <Filter>MessagePassing</Filter>
    </ClCompile>
    <ClCompile Include="Characters\Enemies\Shoot.cpp">
      <Filter>Characters\Enemies</Filter>
    </ClCompile>
  </ItemGroup>
  <ItemGroup>
    <ClInclude Include="StateMachine\Action.h">
      <Filter>StateMachine</Filter>
    </ClInclude>
    <ClInclude Include="StateMachine\State.h">
      <Filter>StateMachine</Filter>
    </ClInclude>
    <ClInclude Include="StateMachine\StateMachine.h">
      <Filter>StateMachine</Filter>
    </ClInclude>
    <ClInclude Include="Characters\Character.h">
      <Filter>Characters</Filter>
    </ClInclude>
    <ClInclude Include="Characters\Enemies\BossEnemy.h">
      <Filter>Characters\Enemies</Filter>
    </ClInclude>
    <ClInclude Include="Characters\Enemies\PatrolEnemy.h">
      <Filter>Characters\Enemies</Filter>
    </ClInclude>
    <ClInclude Include="Characters\Enemies\EasyEnemy.h">
      <Filter>Characters\Enemies</Filter>
    </ClInclude>
    <ClInclude Include="Characters\Enemies\Enemy.h">
      <Filter>Characters\Enemies</Filter>
    </ClInclude>
    <ClInclude Include="Characters\Enemies\EnemyManager.h">
      <Filter>Characters\Enemies</Filter>
    </ClInclude>
    <ClInclude Include="Graph\Graph.h">
      <Filter>Graph</Filter>
    </ClInclude>
    <ClInclude Include="Pathfinding\AStar.h">
      <Filter>PathFinding</Filter>
    </ClInclude>
    <ClInclude Include="MessagePassing\Blackboard.h">
      <Filter>MessagePassing</Filter>
    </ClInclude>
    <ClInclude Include="MessagePassing\MessageDefines.h">
      <Filter>MessagePassing</Filter>
    </ClInclude>
    <ClInclude Include="MessagePassing\Subscriber.h">
      <Filter>MessagePassing</Filter>
    </ClInclude>
    <ClInclude Include="Characters\Enemies\Shoot.h">
      <Filter>Characters\Enemies</Filter>
    </ClInclude>
  </ItemGroup>
</Project>