<?xml version="1.0" encoding="utf-8"?>
<Project ToolsVersion="4.0" xmlns="http://schemas.microsoft.com/developer/msbuild/2003">
  <ItemGroup>
    <Filter Include="Archivos de recursos">
      <UniqueIdentifier>{67DA6AB6-F800-4c08-8B7A-83BB121AAD01}</UniqueIdentifier>
      <Extensions>rc;ico;cur;bmp;dlg;rc2;rct;bin;rgs;gif;jpg;jpeg;jpe;resx;tiff;tif;png;wav;mfcribbon-ms</Extensions>
    </Filter>
    <Filter Include="StateMachine">
      <UniqueIdentifier>{41914ad3-f53b-4bc4-bf4c-bcc7de574342}</UniqueIdentifier>
    </Filter>
  </ItemGroup>
  <ItemGroup>
    <ClCompile Include="Character.cpp" />
    <ClCompile Include="StateMachine\Action.cpp">
      <Filter>StateMachine</Filter>
    </ClCompile>
    <ClCompile Include="StateMachine\State.cpp">
      <Filter>StateMachine</Filter>
    </ClCompile>
    <ClCompile Include="StateMachine\StateMachine.cpp">
      <Filter>StateMachine</Filter>
    </ClCompile>
  </ItemGroup>
  <ItemGroup>
    <ClInclude Include="Character.h" />
    <ClInclude Include="StateMachine\Action.h">
      <Filter>StateMachine</Filter>
    </ClInclude>
    <ClInclude Include="StateMachine\State.h">
      <Filter>StateMachine</Filter>
    </ClInclude>
    <ClInclude Include="StateMachine\StateMachine.h">
      <Filter>StateMachine</Filter>
    </ClInclude>
  </ItemGroup>
</Project>