<?xml version="1.0" encoding="utf-8"?>
<Project ToolsVersion="4.0" xmlns="http://schemas.microsoft.com/developer/msbuild/2003">
  <ItemGroup>
    <Filter Include="Archivos de recursos">
      <UniqueIdentifier>{67DA6AB6-F800-4c08-8B7A-83BB121AAD01}</UniqueIdentifier>
      <Extensions>rc;ico;cur;bmp;dlg;rc2;rct;bin;rgs;gif;jpg;jpeg;jpe;resx;tiff;tif;png;wav;mfcribbon-ms</Extensions>
    </Filter>
    <Filter Include="StateMachine">
      <UniqueIdentifier>{41914ad3-f53b-4bc4-bf4c-bcc7de574342}</UniqueIdentifier>
    </Filter>
    <Filter Include="Characters">
      <UniqueIdentifier>{dc8f024c-b331-4f6a-90c8-0b9e0fe5bd97}</UniqueIdentifier>
    </Filter>
    <Filter Include="Characters\Enemies">
      <UniqueIdentifier>{4d9bf2f5-32aa-45d8-b220-f32ad7b2e2a3}</UniqueIdentifier>
    </Filter>
    <Filter Include="Graph">
      <UniqueIdentifier>{3c61283d-3465-4a1d-b97c-4c5772dc98c5}</UniqueIdentifier>
    </Filter>
    <Filter Include="PathFinding">
      <UniqueIdentifier>{e5139f7d-30a7-4dc9-857b-e727b75ad4a7}</UniqueIdentifier>
    </Filter>
    <Filter Include="recastnavigation">
      <UniqueIdentifier>{a6b53e72-bc92-40a7-bd22-f16cd1048e50}</UniqueIdentifier>
    </Filter>
    <Filter Include="recastnavigation\DebugUtils">
      <UniqueIdentifier>{94f3b39e-a169-44f8-af01-f58050275dfe}</UniqueIdentifier>
    </Filter>
    <Filter Include="recastnavigation\Detour">
      <UniqueIdentifier>{e21a4459-8057-4551-94bb-177dc13b5369}</UniqueIdentifier>
    </Filter>
    <Filter Include="recastnavigation\DetourCrowd">
      <UniqueIdentifier>{8d6ba889-6ece-46b2-900f-395764439444}</UniqueIdentifier>
    </Filter>
    <Filter Include="recastnavigation\DetourTileCache">
      <UniqueIdentifier>{c17bfa89-7a08-4117-bde8-f09d35265b6f}</UniqueIdentifier>
    </Filter>
    <Filter Include="recastnavigation\Recast">
      <UniqueIdentifier>{902de044-87e3-42d0-b29c-75e4ae5b0ee2}</UniqueIdentifier>
    </Filter>
    <Filter Include="NavMesh">
      <UniqueIdentifier>{241e7762-a566-404c-bd09-25730df357f2}</UniqueIdentifier>
    </Filter>
  </ItemGroup>
  <ItemGroup>
    <ClCompile Include="StateMachine\Action.cpp">
      <Filter>StateMachine</Filter>
    </ClCompile>
    <ClCompile Include="StateMachine\State.cpp">
      <Filter>StateMachine</Filter>
    </ClCompile>
    <ClCompile Include="StateMachine\StateMachine.cpp">
      <Filter>StateMachine</Filter>
    </ClCompile>
    <ClCompile Include="Characters\Character.cpp">
      <Filter>Characters</Filter>
    </ClCompile>
    <ClCompile Include="Characters\Enemies\BossEnemy.cpp">
      <Filter>Characters\Enemies</Filter>
    </ClCompile>
    <ClCompile Include="Characters\Enemies\EasyEnemy.cpp">
      <Filter>Characters\Enemies</Filter>
    </ClCompile>
    <ClCompile Include="Characters\Enemies\Enemy.cpp">
      <Filter>Characters\Enemies</Filter>
    </ClCompile>
    <ClCompile Include="Characters\Enemies\EnemyManager.cpp">
      <Filter>Characters\Enemies</Filter>
    </ClCompile>
    <ClCompile Include="Characters\Enemies\PatrolEnemy.cpp">
      <Filter>Characters\Enemies</Filter>
    </ClCompile>
    <ClCompile Include="Graph\Graph.cpp">
      <Filter>Graph</Filter>
    </ClCompile>
    <ClCompile Include="Pathfinding\AStar.cpp">
      <Filter>PathFinding</Filter>
    </ClCompile>
    <ClCompile Include="recastnavigation\DebugUtils\DebugDraw.cpp">
      <Filter>recastnavigation\DebugUtils</Filter>
    </ClCompile>
    <ClCompile Include="recastnavigation\DebugUtils\DetourDebugDraw.cpp">
      <Filter>recastnavigation\DebugUtils</Filter>
    </ClCompile>
    <ClCompile Include="recastnavigation\DebugUtils\RecastDebugDraw.cpp">
      <Filter>recastnavigation\DebugUtils</Filter>
    </ClCompile>
    <ClCompile Include="recastnavigation\DebugUtils\RecastDump.cpp">
      <Filter>recastnavigation\DebugUtils</Filter>
    </ClCompile>
    <ClCompile Include="recastnavigation\Detour\DetourAlloc.cpp">
      <Filter>recastnavigation\Detour</Filter>
    </ClCompile>
    <ClCompile Include="recastnavigation\Detour\DetourCommon.cpp">
      <Filter>recastnavigation\Detour</Filter>
    </ClCompile>
    <ClCompile Include="recastnavigation\Detour\DetourNavMesh.cpp">
      <Filter>recastnavigation\Detour</Filter>
    </ClCompile>
    <ClCompile Include="recastnavigation\Detour\DetourNavMeshBuilder.cpp">
      <Filter>recastnavigation\Detour</Filter>
    </ClCompile>
    <ClCompile Include="recastnavigation\Detour\DetourNavMeshQuery.cpp">
      <Filter>recastnavigation\Detour</Filter>
    </ClCompile>
    <ClCompile Include="recastnavigation\Detour\DetourNode.cpp">
      <Filter>recastnavigation\Detour</Filter>
    </ClCompile>
    <ClCompile Include="recastnavigation\DetourCrowd\DetourCrowd.cpp">
      <Filter>recastnavigation\DetourCrowd</Filter>
    </ClCompile>
    <ClCompile Include="recastnavigation\DetourCrowd\DetourLocalBoundary.cpp">
      <Filter>recastnavigation\DetourCrowd</Filter>
    </ClCompile>
    <ClCompile Include="recastnavigation\DetourCrowd\DetourObstacleAvoidance.cpp">
      <Filter>recastnavigation\DetourCrowd</Filter>
    </ClCompile>
    <ClCompile Include="recastnavigation\DetourCrowd\DetourPathCorridor.cpp">
      <Filter>recastnavigation\DetourCrowd</Filter>
    </ClCompile>
    <ClCompile Include="recastnavigation\DetourCrowd\DetourPathQueue.cpp">
      <Filter>recastnavigation\DetourCrowd</Filter>
    </ClCompile>
    <ClCompile Include="recastnavigation\DetourCrowd\DetourProximityGrid.cpp">
      <Filter>recastnavigation\DetourCrowd</Filter>
    </ClCompile>
    <ClCompile Include="recastnavigation\DetourTileCache\DetourTileCache.cpp">
      <Filter>recastnavigation\DetourTileCache</Filter>
    </ClCompile>
    <ClCompile Include="recastnavigation\DetourTileCache\DetourTileCacheBuilder.cpp">
      <Filter>recastnavigation\DetourTileCache</Filter>
    </ClCompile>
    <ClCompile Include="recastnavigation\Recast\Recast.cpp">
      <Filter>recastnavigation\Recast</Filter>
    </ClCompile>
    <ClCompile Include="recastnavigation\Recast\RecastAlloc.cpp">
      <Filter>recastnavigation\Recast</Filter>
    </ClCompile>
    <ClCompile Include="recastnavigation\Recast\RecastArea.cpp">
      <Filter>recastnavigation\Recast</Filter>
    </ClCompile>
    <ClCompile Include="recastnavigation\Recast\RecastContour.cpp">
      <Filter>recastnavigation\Recast</Filter>
    </ClCompile>
    <ClCompile Include="recastnavigation\Recast\RecastFilter.cpp">
      <Filter>recastnavigation\Recast</Filter>
    </ClCompile>
    <ClCompile Include="recastnavigation\Recast\RecastLayers.cpp">
      <Filter>recastnavigation\Recast</Filter>
    </ClCompile>
    <ClCompile Include="recastnavigation\Recast\RecastMesh.cpp">
      <Filter>recastnavigation\Recast</Filter>
    </ClCompile>
    <ClCompile Include="recastnavigation\Recast\RecastMeshDetail.cpp">
      <Filter>recastnavigation\Recast</Filter>
    </ClCompile>
    <ClCompile Include="recastnavigation\Recast\RecastRasterization.cpp">
      <Filter>recastnavigation\Recast</Filter>
    </ClCompile>
    <ClCompile Include="recastnavigation\Recast\RecastRegion.cpp">
      <Filter>recastnavigation\Recast</Filter>
    </ClCompile>
    <ClCompile Include="NavMesh\NavMesh.cpp">
      <Filter>NavMesh</Filter>
    </ClCompile>
    <ClCompile Include="NavMesh\NavMeshManager.cpp">
      <Filter>NavMesh</Filter>
    </ClCompile>
  </ItemGroup>
  <ItemGroup>
    <ClInclude Include="StateMachine\Action.h">
      <Filter>StateMachine</Filter>
    </ClInclude>
    <ClInclude Include="StateMachine\State.h">
      <Filter>StateMachine</Filter>
    </ClInclude>
    <ClInclude Include="StateMachine\StateMachine.h">
      <Filter>StateMachine</Filter>
    </ClInclude>
    <ClInclude Include="Characters\Character.h">
      <Filter>Characters</Filter>
    </ClInclude>
    <ClInclude Include="Characters\Enemies\BossEnemy.h">
      <Filter>Characters\Enemies</Filter>
    </ClInclude>
    <ClInclude Include="Characters\Enemies\PatrolEnemy.h">
      <Filter>Characters\Enemies</Filter>
    </ClInclude>
    <ClInclude Include="Characters\Enemies\EasyEnemy.h">
      <Filter>Characters\Enemies</Filter>
    </ClInclude>
    <ClInclude Include="Characters\Enemies\Enemy.h">
      <Filter>Characters\Enemies</Filter>
    </ClInclude>
    <ClInclude Include="Characters\Enemies\EnemyManager.h">
      <Filter>Characters\Enemies</Filter>
    </ClInclude>
    <ClInclude Include="Graph\Graph.h">
      <Filter>Graph</Filter>
    </ClInclude>
    <ClInclude Include="Pathfinding\AStar.h">
      <Filter>PathFinding</Filter>
    </ClInclude>
    <ClInclude Include="recastnavigation\DebugUtils\DebugDraw.h">
      <Filter>recastnavigation\DebugUtils</Filter>
    </ClInclude>
    <ClInclude Include="recastnavigation\DebugUtils\DetourDebugDraw.h">
      <Filter>recastnavigation\DebugUtils</Filter>
    </ClInclude>
    <ClInclude Include="recastnavigation\DebugUtils\RecastDebugDraw.h">
      <Filter>recastnavigation\DebugUtils</Filter>
    </ClInclude>
    <ClInclude Include="recastnavigation\DebugUtils\RecastDump.h">
      <Filter>recastnavigation\DebugUtils</Filter>
    </ClInclude>
    <ClInclude Include="recastnavigation\Detour\DetourAlloc.h">
      <Filter>recastnavigation\Detour</Filter>
    </ClInclude>
    <ClInclude Include="recastnavigation\Detour\DetourAssert.h">
      <Filter>recastnavigation\Detour</Filter>
    </ClInclude>
    <ClInclude Include="recastnavigation\Detour\DetourCommon.h">
      <Filter>recastnavigation\Detour</Filter>
    </ClInclude>
    <ClInclude Include="recastnavigation\Detour\DetourMath.h">
      <Filter>recastnavigation\Detour</Filter>
    </ClInclude>
    <ClInclude Include="recastnavigation\Detour\DetourNavMesh.h">
      <Filter>recastnavigation\Detour</Filter>
    </ClInclude>
    <ClInclude Include="recastnavigation\Detour\DetourNavMeshBuilder.h">
      <Filter>recastnavigation\Detour</Filter>
    </ClInclude>
    <ClInclude Include="recastnavigation\Detour\DetourNavMeshQuery.h">
      <Filter>recastnavigation\Detour</Filter>
    </ClInclude>
    <ClInclude Include="recastnavigation\Detour\DetourNode.h">
      <Filter>recastnavigation\Detour</Filter>
    </ClInclude>
    <ClInclude Include="recastnavigation\Detour\DetourStatus.h">
      <Filter>recastnavigation\Detour</Filter>
    </ClInclude>
    <ClInclude Include="recastnavigation\DetourCrowd\DetourCrowd.h">
      <Filter>recastnavigation\DetourCrowd</Filter>
    </ClInclude>
    <ClInclude Include="recastnavigation\DetourCrowd\DetourLocalBoundary.h">
      <Filter>recastnavigation\DetourCrowd</Filter>
    </ClInclude>
    <ClInclude Include="recastnavigation\DetourCrowd\DetourObstacleAvoidance.h">
      <Filter>recastnavigation\DetourCrowd</Filter>
    </ClInclude>
    <ClInclude Include="recastnavigation\DetourCrowd\DetourPathCorridor.h">
      <Filter>recastnavigation\DetourCrowd</Filter>
    </ClInclude>
    <ClInclude Include="recastnavigation\DetourCrowd\DetourPathQueue.h">
      <Filter>recastnavigation\DetourCrowd</Filter>
    </ClInclude>
    <ClInclude Include="recastnavigation\DetourCrowd\DetourProximityGrid.h">
      <Filter>recastnavigation\DetourCrowd</Filter>
    </ClInclude>
    <ClInclude Include="recastnavigation\DetourTileCache\DetourTileCache.h">
      <Filter>recastnavigation\DetourTileCache</Filter>
    </ClInclude>
    <ClInclude Include="recastnavigation\DetourTileCache\DetourTileCacheBuilder.h">
      <Filter>recastnavigation\DetourTileCache</Filter>
    </ClInclude>
    <ClInclude Include="recastnavigation\Recast\Recast.h">
      <Filter>recastnavigation\Recast</Filter>
    </ClInclude>
    <ClInclude Include="recastnavigation\Recast\RecastAlloc.h">
      <Filter>recastnavigation\Recast</Filter>
    </ClInclude>
    <ClInclude Include="recastnavigation\Recast\RecastAssert.h">
      <Filter>recastnavigation\Recast</Filter>
    </ClInclude>
    <ClInclude Include="NavMesh\NavMesh.h">
      <Filter>NavMesh</Filter>
    </ClInclude>
    <ClInclude Include="NavMesh\NavMeshManager.h">
      <Filter>NavMesh</Filter>
    </ClInclude>
  </ItemGroup>
</Project>